<?xml version="1.0" encoding="UTF-8" standalone="yes" ?>
<CodeBlocks_project_file>
	<FileVersion major="1" minor="6" />
	<Project>
		<Option title="opentomb-code" />
		<Option pch_mode="2" />
		<Option compiler="gcc" />
		<Build>
			<Target title="Debug">
				<Option output="bin/Debug/opentomb-code" prefix_auto="1" extension_auto="1" />
				<Option object_output="obj/Debug/" />
				<Option type="1" />
				<Option compiler="gcc" />
				<Compiler>
					<Add option="-std=c++11" />
					<Add option="-Wextra" />
					<Add option="-Wall" />
					<Add option="-g" />
					<Add option="-g3" />
				</Compiler>
			</Target>
			<Target title="Release">
				<Option output="bin/Release/opentomb-code" prefix_auto="1" extension_auto="1" />
				<Option object_output="obj/Release/" />
				<Option type="1" />
				<Option compiler="gcc" />
				<Compiler>
					<Add option="-march=prescott" />
					<Add option="-fexpensive-optimizations" />
					<Add option="-O2" />
					<Add option="-std=c++11" />
					<Add option="-Wextra" />
					<Add option="-Wall" />
					<Add option="-fno-exceptions -funsafe-math-optimizations -m32 -msse3" />
				</Compiler>
				<Linker>
					<Add option="-s" />
				</Linker>
			</Target>
		</Build>
		<Compiler>
			<Add option="-std=c99" />
			<Add option="-std=c++11" />
			<Add option="-Wall" />
			<Add option="-m32" />
			<Add option="-DOV_EXCLUDE_STATIC_CALLBACKS" />
			<Add directory="extern/al" />
			<Add directory="extern/ogg" />
			<Add directory="extern/bullet" />
			<Add directory="extern/freetype2/include" />
		</Compiler>
		<Linker>
			<Add option="-static -m32 -lmingw32 -llua -limage -lSDL2main -lSDL2.dll -lz -lpthread" />
		</Linker>
		<Unit filename="autoexec.lua">
			<Option target="&lt;{~None~}&gt;" />
		</Unit>
		<Unit filename="config.lua">
			<Option target="&lt;{~None~}&gt;" />
		</Unit>
		<Unit filename="extern/al/AL/al.h" />
		<Unit filename="extern/al/AL/alc.h" />
		<Unit filename="extern/al/AL/alext.h" />
		<Unit filename="extern/al/AL/efx-creative.h" />
		<Unit filename="extern/al/AL/efx-presets.h" />
		<Unit filename="extern/al/AL/efx.h" />
		<Unit filename="extern/al/Alc/ALc.c">
			<Option compilerVar="CC" />
		</Unit>
		<Unit filename="extern/al/Alc/ALu.c">
			<Option compilerVar="CC" />
		</Unit>
		<Unit filename="extern/al/Alc/alcConfig.c">
			<Option compilerVar="CC" />
		</Unit>
		<Unit filename="extern/al/Alc/alcRing.c">
			<Option compilerVar="CC" />
		</Unit>
		<Unit filename="extern/al/Alc/alstring.h" />
		<Unit filename="extern/al/Alc/backends/backend.c">
			<Option compilerVar="CC" />
		</Unit>
		<Unit filename="extern/al/Alc/backends/base.c">
			<Option compilerVar="CC" />
		</Unit>
		<Unit filename="extern/al/Alc/backends/base.h" />
		<Unit filename="extern/al/Alc/backends/loopback.c">
			<Option compilerVar="CC" />
		</Unit>
		<Unit filename="extern/al/Alc/backends/null.c">
			<Option compilerVar="CC" />
		</Unit>
		<Unit filename="extern/al/Alc/backends/wave.c">
			<Option compilerVar="CC" />
		</Unit>
		<Unit filename="extern/al/Alc/bs2b.c">
			<Option compilerVar="CC" />
		</Unit>
		<Unit filename="extern/al/Alc/compat.h" />
		<Unit filename="extern/al/Alc/effects/autowah.c">
			<Option compilerVar="CC" />
		</Unit>
		<Unit filename="extern/al/Alc/effects/chorus.c">
			<Option compilerVar="CC" />
		</Unit>
		<Unit filename="extern/al/Alc/effects/compressor.c">
			<Option compilerVar="CC" />
		</Unit>
		<Unit filename="extern/al/Alc/effects/dedicated.c">
			<Option compilerVar="CC" />
		</Unit>
		<Unit filename="extern/al/Alc/effects/distortion.c">
			<Option compilerVar="CC" />
		</Unit>
		<Unit filename="extern/al/Alc/effects/echo.c">
			<Option compilerVar="CC" />
		</Unit>
		<Unit filename="extern/al/Alc/effects/equalizer.c">
			<Option compilerVar="CC" />
		</Unit>
		<Unit filename="extern/al/Alc/effects/flanger.c">
			<Option compilerVar="CC" />
		</Unit>
		<Unit filename="extern/al/Alc/effects/modulator.c">
			<Option compilerVar="CC" />
		</Unit>
		<Unit filename="extern/al/Alc/effects/null.c">
			<Option compilerVar="CC" />
		</Unit>
		<Unit filename="extern/al/Alc/effects/reverb.c">
			<Option compilerVar="CC" />
		</Unit>
		<Unit filename="extern/al/Alc/evtqueue.h" />
		<Unit filename="extern/al/Alc/helpers.c">
			<Option compilerVar="CC" />
		</Unit>
		<Unit filename="extern/al/Alc/hrtf.c">
			<Option compilerVar="CC" />
		</Unit>
		<Unit filename="extern/al/Alc/hrtf.h" />
		<Unit filename="extern/al/Alc/midi/base.c">
			<Option compilerVar="CC" />
		</Unit>
		<Unit filename="extern/al/Alc/midi/base.h" />
		<Unit filename="extern/al/Alc/midi/dummy.c">
			<Option compilerVar="CC" />
		</Unit>
		<Unit filename="extern/al/Alc/midi/fluidsynth.c">
			<Option compilerVar="CC" />
		</Unit>
		<Unit filename="extern/al/Alc/midi/sf2load.c">
			<Option compilerVar="CC" />
		</Unit>
		<Unit filename="extern/al/Alc/midi/soft.c">
			<Option compilerVar="CC" />
		</Unit>
		<Unit filename="extern/al/Alc/mixer.c">
			<Option compilerVar="CC" />
		</Unit>
		<Unit filename="extern/al/Alc/mixer_c.c">
			<Option compilerVar="CC" />
		</Unit>
		<Unit filename="extern/al/Alc/mixer_defs.h" />
		<Unit filename="extern/al/Alc/mixer_inc.hpp" />
		<Unit filename="extern/al/Alc/mixer_neon.c">
			<Option compilerVar="CC" />
		</Unit>
		<Unit filename="extern/al/Alc/mixer_sse.c">
			<Option compilerVar="CC" />
		</Unit>
		<Unit filename="extern/al/Alc/mixer_sse2.c">
			<Option compilerVar="CC" />
		</Unit>
		<Unit filename="extern/al/Alc/mixer_sse41.c">
			<Option compilerVar="CC" />
		</Unit>
		<Unit filename="extern/al/Alc/panning.c">
			<Option compilerVar="CC" />
		</Unit>
		<Unit filename="extern/al/Alc/vector.h" />
		<Unit filename="extern/al/OpenAL32/alAuxEffectSlot.c">
			<Option compilerVar="CC" />
		</Unit>
		<Unit filename="extern/al/OpenAL32/alBuffer.c">
			<Option compilerVar="CC" />
		</Unit>
		<Unit filename="extern/al/OpenAL32/alEffect.c">
			<Option compilerVar="CC" />
		</Unit>
		<Unit filename="extern/al/OpenAL32/alError.c">
			<Option compilerVar="CC" />
		</Unit>
		<Unit filename="extern/al/OpenAL32/alExtension.c">
			<Option compilerVar="CC" />
		</Unit>
		<Unit filename="extern/al/OpenAL32/alFilter.c">
			<Option compilerVar="CC" />
		</Unit>
		<Unit filename="extern/al/OpenAL32/alFontsound.c">
			<Option compilerVar="CC" />
		</Unit>
		<Unit filename="extern/al/OpenAL32/alListener.c">
			<Option compilerVar="CC" />
		</Unit>
		<Unit filename="extern/al/OpenAL32/alMidi.c">
			<Option compilerVar="CC" />
		</Unit>
		<Unit filename="extern/al/OpenAL32/alPreset.c">
			<Option compilerVar="CC" />
		</Unit>
		<Unit filename="extern/al/OpenAL32/alSoundfont.c">
			<Option compilerVar="CC" />
		</Unit>
		<Unit filename="extern/al/OpenAL32/alSource.c">
			<Option compilerVar="CC" />
		</Unit>
		<Unit filename="extern/al/OpenAL32/alState.c">
			<Option compilerVar="CC" />
		</Unit>
		<Unit filename="extern/al/OpenAL32/alThunk.c">
			<Option compilerVar="CC" />
		</Unit>
		<Unit filename="extern/al/OpenAL32/sample_cvt.c">
			<Option compilerVar="CC" />
		</Unit>
		<Unit filename="extern/al/alAuxEffectSlot.h" />
		<Unit filename="extern/al/alBuffer.h" />
		<Unit filename="extern/al/alEffect.h" />
		<Unit filename="extern/al/alError.h" />
		<Unit filename="extern/al/alFilter.h" />
		<Unit filename="extern/al/alListener.h" />
		<Unit filename="extern/al/alMain.h" />
		<Unit filename="extern/al/alMidi.h" />
		<Unit filename="extern/al/alSource.h" />
		<Unit filename="extern/al/alThunk.h" />
		<Unit filename="extern/al/align.h" />
		<Unit filename="extern/al/alu.h" />
		<Unit filename="extern/al/atomic.h" />
		<Unit filename="extern/al/bool.h" />
		<Unit filename="extern/al/bs2b.h" />
		<Unit filename="extern/al/common/atomic.c">
			<Option compilerVar="CC" />
		</Unit>
		<Unit filename="extern/al/common/rwlock.c">
			<Option compilerVar="CC" />
		</Unit>
		<Unit filename="extern/al/common/threads.c">
			<Option compilerVar="CC" />
		</Unit>
		<Unit filename="extern/al/common/uintmap.c">
			<Option compilerVar="CC" />
		</Unit>
		<Unit filename="extern/al/config.h" />
		<Unit filename="extern/al/rwlock.h" />
		<Unit filename="extern/al/sample_cvt.h" />
		<Unit filename="extern/al/static_assert.h" />
		<Unit filename="extern/al/threads.h" />
		<Unit filename="extern/al/uintmap.h" />
		<Unit filename="extern/bullet/BulletCollision/BroadphaseCollision/btAxisSweep3.cpp" />
		<Unit filename="extern/bullet/BulletCollision/BroadphaseCollision/btAxisSweep3.h" />
		<Unit filename="extern/bullet/BulletCollision/BroadphaseCollision/btBroadphaseInterface.h" />
		<Unit filename="extern/bullet/BulletCollision/BroadphaseCollision/btBroadphaseProxy.cpp" />
		<Unit filename="extern/bullet/BulletCollision/BroadphaseCollision/btBroadphaseProxy.h" />
		<Unit filename="extern/bullet/BulletCollision/BroadphaseCollision/btCollisionAlgorithm.cpp" />
		<Unit filename="extern/bullet/BulletCollision/BroadphaseCollision/btCollisionAlgorithm.h" />
		<Unit filename="extern/bullet/BulletCollision/BroadphaseCollision/btDbvt.cpp" />
		<Unit filename="extern/bullet/BulletCollision/BroadphaseCollision/btDbvt.h" />
		<Unit filename="extern/bullet/BulletCollision/BroadphaseCollision/btDbvtBroadphase.cpp" />
		<Unit filename="extern/bullet/BulletCollision/BroadphaseCollision/btDbvtBroadphase.h" />
		<Unit filename="extern/bullet/BulletCollision/BroadphaseCollision/btDispatcher.cpp" />
		<Unit filename="extern/bullet/BulletCollision/BroadphaseCollision/btDispatcher.h" />
		<Unit filename="extern/bullet/BulletCollision/BroadphaseCollision/btMultiSapBroadphase.cpp" />
		<Unit filename="extern/bullet/BulletCollision/BroadphaseCollision/btMultiSapBroadphase.h" />
		<Unit filename="extern/bullet/BulletCollision/BroadphaseCollision/btOverlappingPairCache.cpp" />
		<Unit filename="extern/bullet/BulletCollision/BroadphaseCollision/btOverlappingPairCache.h" />
		<Unit filename="extern/bullet/BulletCollision/BroadphaseCollision/btOverlappingPairCallback.h" />
		<Unit filename="extern/bullet/BulletCollision/BroadphaseCollision/btQuantizedBvh.cpp" />
		<Unit filename="extern/bullet/BulletCollision/BroadphaseCollision/btQuantizedBvh.h" />
		<Unit filename="extern/bullet/BulletCollision/BroadphaseCollision/btSimpleBroadphase.cpp" />
		<Unit filename="extern/bullet/BulletCollision/BroadphaseCollision/btSimpleBroadphase.h" />
		<Unit filename="extern/bullet/BulletCollision/CollisionDispatch/SphereTriangleDetector.cpp" />
		<Unit filename="extern/bullet/BulletCollision/CollisionDispatch/SphereTriangleDetector.h" />
		<Unit filename="extern/bullet/BulletCollision/CollisionDispatch/btActivatingCollisionAlgorithm.cpp" />
		<Unit filename="extern/bullet/BulletCollision/CollisionDispatch/btActivatingCollisionAlgorithm.h" />
		<Unit filename="extern/bullet/BulletCollision/CollisionDispatch/btBox2dBox2dCollisionAlgorithm.cpp" />
		<Unit filename="extern/bullet/BulletCollision/CollisionDispatch/btBox2dBox2dCollisionAlgorithm.h" />
		<Unit filename="extern/bullet/BulletCollision/CollisionDispatch/btBoxBoxCollisionAlgorithm.cpp" />
		<Unit filename="extern/bullet/BulletCollision/CollisionDispatch/btBoxBoxCollisionAlgorithm.h" />
		<Unit filename="extern/bullet/BulletCollision/CollisionDispatch/btBoxBoxDetector.cpp" />
		<Unit filename="extern/bullet/BulletCollision/CollisionDispatch/btBoxBoxDetector.h" />
		<Unit filename="extern/bullet/BulletCollision/CollisionDispatch/btCollisionConfiguration.h" />
		<Unit filename="extern/bullet/BulletCollision/CollisionDispatch/btCollisionCreateFunc.h" />
		<Unit filename="extern/bullet/BulletCollision/CollisionDispatch/btCollisionDispatcher.cpp" />
		<Unit filename="extern/bullet/BulletCollision/CollisionDispatch/btCollisionDispatcher.h" />
		<Unit filename="extern/bullet/BulletCollision/CollisionDispatch/btCollisionObject.cpp" />
		<Unit filename="extern/bullet/BulletCollision/CollisionDispatch/btCollisionObject.h" />
		<Unit filename="extern/bullet/BulletCollision/CollisionDispatch/btCollisionObjectWrapper.h" />
		<Unit filename="extern/bullet/BulletCollision/CollisionDispatch/btCollisionWorld.cpp" />
		<Unit filename="extern/bullet/BulletCollision/CollisionDispatch/btCollisionWorld.h" />
		<Unit filename="extern/bullet/BulletCollision/CollisionDispatch/btCollisionWorldImporter.cpp" />
		<Unit filename="extern/bullet/BulletCollision/CollisionDispatch/btCollisionWorldImporter.h" />
		<Unit filename="extern/bullet/BulletCollision/CollisionDispatch/btCompoundCollisionAlgorithm.cpp" />
		<Unit filename="extern/bullet/BulletCollision/CollisionDispatch/btCompoundCollisionAlgorithm.h" />
		<Unit filename="extern/bullet/BulletCollision/CollisionDispatch/btCompoundCompoundCollisionAlgorithm.cpp" />
		<Unit filename="extern/bullet/BulletCollision/CollisionDispatch/btCompoundCompoundCollisionAlgorithm.h" />
		<Unit filename="extern/bullet/BulletCollision/CollisionDispatch/btConvex2dConvex2dAlgorithm.cpp" />
		<Unit filename="extern/bullet/BulletCollision/CollisionDispatch/btConvex2dConvex2dAlgorithm.h" />
		<Unit filename="extern/bullet/BulletCollision/CollisionDispatch/btConvexConcaveCollisionAlgorithm.cpp" />
		<Unit filename="extern/bullet/BulletCollision/CollisionDispatch/btConvexConcaveCollisionAlgorithm.h" />
		<Unit filename="extern/bullet/BulletCollision/CollisionDispatch/btConvexConvexAlgorithm.cpp" />
		<Unit filename="extern/bullet/BulletCollision/CollisionDispatch/btConvexConvexAlgorithm.h" />
		<Unit filename="extern/bullet/BulletCollision/CollisionDispatch/btConvexPlaneCollisionAlgorithm.cpp" />
		<Unit filename="extern/bullet/BulletCollision/CollisionDispatch/btConvexPlaneCollisionAlgorithm.h" />
		<Unit filename="extern/bullet/BulletCollision/CollisionDispatch/btDefaultCollisionConfiguration.cpp" />
		<Unit filename="extern/bullet/BulletCollision/CollisionDispatch/btDefaultCollisionConfiguration.h" />
		<Unit filename="extern/bullet/BulletCollision/CollisionDispatch/btEmptyCollisionAlgorithm.cpp" />
		<Unit filename="extern/bullet/BulletCollision/CollisionDispatch/btEmptyCollisionAlgorithm.h" />
		<Unit filename="extern/bullet/BulletCollision/CollisionDispatch/btGhostObject.cpp" />
		<Unit filename="extern/bullet/BulletCollision/CollisionDispatch/btGhostObject.h" />
		<Unit filename="extern/bullet/BulletCollision/CollisionDispatch/btHashedSimplePairCache.cpp" />
		<Unit filename="extern/bullet/BulletCollision/CollisionDispatch/btHashedSimplePairCache.h" />
		<Unit filename="extern/bullet/BulletCollision/CollisionDispatch/btInternalEdgeUtility.cpp" />
		<Unit filename="extern/bullet/BulletCollision/CollisionDispatch/btInternalEdgeUtility.h" />
		<Unit filename="extern/bullet/BulletCollision/CollisionDispatch/btManifoldResult.cpp" />
		<Unit filename="extern/bullet/BulletCollision/CollisionDispatch/btManifoldResult.h" />
		<Unit filename="extern/bullet/BulletCollision/CollisionDispatch/btSimulationIslandManager.cpp" />
		<Unit filename="extern/bullet/BulletCollision/CollisionDispatch/btSimulationIslandManager.h" />
		<Unit filename="extern/bullet/BulletCollision/CollisionDispatch/btSphereBoxCollisionAlgorithm.cpp" />
		<Unit filename="extern/bullet/BulletCollision/CollisionDispatch/btSphereBoxCollisionAlgorithm.h" />
		<Unit filename="extern/bullet/BulletCollision/CollisionDispatch/btSphereSphereCollisionAlgorithm.cpp" />
		<Unit filename="extern/bullet/BulletCollision/CollisionDispatch/btSphereSphereCollisionAlgorithm.h" />
		<Unit filename="extern/bullet/BulletCollision/CollisionDispatch/btSphereTriangleCollisionAlgorithm.cpp" />
		<Unit filename="extern/bullet/BulletCollision/CollisionDispatch/btSphereTriangleCollisionAlgorithm.h" />
		<Unit filename="extern/bullet/BulletCollision/CollisionDispatch/btUnionFind.cpp" />
		<Unit filename="extern/bullet/BulletCollision/CollisionDispatch/btUnionFind.h" />
		<Unit filename="extern/bullet/BulletCollision/CollisionShapes/btBox2dShape.cpp" />
		<Unit filename="extern/bullet/BulletCollision/CollisionShapes/btBox2dShape.h" />
		<Unit filename="extern/bullet/BulletCollision/CollisionShapes/btBoxShape.cpp" />
		<Unit filename="extern/bullet/BulletCollision/CollisionShapes/btBoxShape.h" />
		<Unit filename="extern/bullet/BulletCollision/CollisionShapes/btBvhTriangleMeshShape.cpp" />
		<Unit filename="extern/bullet/BulletCollision/CollisionShapes/btBvhTriangleMeshShape.h" />
		<Unit filename="extern/bullet/BulletCollision/CollisionShapes/btCapsuleShape.cpp" />
		<Unit filename="extern/bullet/BulletCollision/CollisionShapes/btCapsuleShape.h" />
		<Unit filename="extern/bullet/BulletCollision/CollisionShapes/btCollisionMargin.h" />
		<Unit filename="extern/bullet/BulletCollision/CollisionShapes/btCollisionShape.cpp" />
		<Unit filename="extern/bullet/BulletCollision/CollisionShapes/btCollisionShape.h" />
		<Unit filename="extern/bullet/BulletCollision/CollisionShapes/btCompoundShape.cpp" />
		<Unit filename="extern/bullet/BulletCollision/CollisionShapes/btCompoundShape.h" />
		<Unit filename="extern/bullet/BulletCollision/CollisionShapes/btConcaveShape.cpp" />
		<Unit filename="extern/bullet/BulletCollision/CollisionShapes/btConcaveShape.h" />
		<Unit filename="extern/bullet/BulletCollision/CollisionShapes/btConeShape.cpp" />
		<Unit filename="extern/bullet/BulletCollision/CollisionShapes/btConeShape.h" />
		<Unit filename="extern/bullet/BulletCollision/CollisionShapes/btConvex2dShape.cpp" />
		<Unit filename="extern/bullet/BulletCollision/CollisionShapes/btConvex2dShape.h" />
		<Unit filename="extern/bullet/BulletCollision/CollisionShapes/btConvexHullShape.cpp" />
		<Unit filename="extern/bullet/BulletCollision/CollisionShapes/btConvexHullShape.h" />
		<Unit filename="extern/bullet/BulletCollision/CollisionShapes/btConvexInternalShape.cpp" />
		<Unit filename="extern/bullet/BulletCollision/CollisionShapes/btConvexInternalShape.h" />
		<Unit filename="extern/bullet/BulletCollision/CollisionShapes/btConvexPointCloudShape.cpp" />
		<Unit filename="extern/bullet/BulletCollision/CollisionShapes/btConvexPointCloudShape.h" />
		<Unit filename="extern/bullet/BulletCollision/CollisionShapes/btConvexPolyhedron.cpp" />
		<Unit filename="extern/bullet/BulletCollision/CollisionShapes/btConvexPolyhedron.h" />
		<Unit filename="extern/bullet/BulletCollision/CollisionShapes/btConvexShape.cpp" />
		<Unit filename="extern/bullet/BulletCollision/CollisionShapes/btConvexShape.h" />
		<Unit filename="extern/bullet/BulletCollision/CollisionShapes/btConvexTriangleMeshShape.cpp" />
		<Unit filename="extern/bullet/BulletCollision/CollisionShapes/btConvexTriangleMeshShape.h" />
		<Unit filename="extern/bullet/BulletCollision/CollisionShapes/btCylinderShape.cpp" />
		<Unit filename="extern/bullet/BulletCollision/CollisionShapes/btCylinderShape.h" />
		<Unit filename="extern/bullet/BulletCollision/CollisionShapes/btEmptyShape.cpp" />
		<Unit filename="extern/bullet/BulletCollision/CollisionShapes/btEmptyShape.h" />
		<Unit filename="extern/bullet/BulletCollision/CollisionShapes/btHeightfieldTerrainShape.cpp" />
		<Unit filename="extern/bullet/BulletCollision/CollisionShapes/btHeightfieldTerrainShape.h" />
		<Unit filename="extern/bullet/BulletCollision/CollisionShapes/btMaterial.h" />
		<Unit filename="extern/bullet/BulletCollision/CollisionShapes/btMinkowskiSumShape.cpp" />
		<Unit filename="extern/bullet/BulletCollision/CollisionShapes/btMinkowskiSumShape.h" />
		<Unit filename="extern/bullet/BulletCollision/CollisionShapes/btMultiSphereShape.cpp" />
		<Unit filename="extern/bullet/BulletCollision/CollisionShapes/btMultiSphereShape.h" />
		<Unit filename="extern/bullet/BulletCollision/CollisionShapes/btMultimaterialTriangleMeshShape.cpp" />
		<Unit filename="extern/bullet/BulletCollision/CollisionShapes/btMultimaterialTriangleMeshShape.h" />
		<Unit filename="extern/bullet/BulletCollision/CollisionShapes/btOptimizedBvh.cpp" />
		<Unit filename="extern/bullet/BulletCollision/CollisionShapes/btOptimizedBvh.h" />
		<Unit filename="extern/bullet/BulletCollision/CollisionShapes/btPolyhedralConvexShape.cpp" />
		<Unit filename="extern/bullet/BulletCollision/CollisionShapes/btPolyhedralConvexShape.h" />
		<Unit filename="extern/bullet/BulletCollision/CollisionShapes/btScaledBvhTriangleMeshShape.cpp" />
		<Unit filename="extern/bullet/BulletCollision/CollisionShapes/btScaledBvhTriangleMeshShape.h" />
		<Unit filename="extern/bullet/BulletCollision/CollisionShapes/btShapeHull.cpp" />
		<Unit filename="extern/bullet/BulletCollision/CollisionShapes/btShapeHull.h" />
		<Unit filename="extern/bullet/BulletCollision/CollisionShapes/btSphereShape.cpp" />
		<Unit filename="extern/bullet/BulletCollision/CollisionShapes/btSphereShape.h" />
		<Unit filename="extern/bullet/BulletCollision/CollisionShapes/btStaticPlaneShape.cpp" />
		<Unit filename="extern/bullet/BulletCollision/CollisionShapes/btStaticPlaneShape.h" />
		<Unit filename="extern/bullet/BulletCollision/CollisionShapes/btStridingMeshInterface.cpp" />
		<Unit filename="extern/bullet/BulletCollision/CollisionShapes/btStridingMeshInterface.h" />
		<Unit filename="extern/bullet/BulletCollision/CollisionShapes/btTetrahedronShape.cpp" />
		<Unit filename="extern/bullet/BulletCollision/CollisionShapes/btTetrahedronShape.h" />
		<Unit filename="extern/bullet/BulletCollision/CollisionShapes/btTriangleBuffer.cpp" />
		<Unit filename="extern/bullet/BulletCollision/CollisionShapes/btTriangleBuffer.h" />
		<Unit filename="extern/bullet/BulletCollision/CollisionShapes/btTriangleCallback.cpp" />
		<Unit filename="extern/bullet/BulletCollision/CollisionShapes/btTriangleCallback.h" />
		<Unit filename="extern/bullet/BulletCollision/CollisionShapes/btTriangleIndexVertexArray.cpp" />
		<Unit filename="extern/bullet/BulletCollision/CollisionShapes/btTriangleIndexVertexArray.h" />
		<Unit filename="extern/bullet/BulletCollision/CollisionShapes/btTriangleIndexVertexMaterialArray.cpp" />
		<Unit filename="extern/bullet/BulletCollision/CollisionShapes/btTriangleIndexVertexMaterialArray.h" />
		<Unit filename="extern/bullet/BulletCollision/CollisionShapes/btTriangleInfoMap.h" />
		<Unit filename="extern/bullet/BulletCollision/CollisionShapes/btTriangleMesh.cpp" />
		<Unit filename="extern/bullet/BulletCollision/CollisionShapes/btTriangleMesh.h" />
		<Unit filename="extern/bullet/BulletCollision/CollisionShapes/btTriangleMeshShape.cpp" />
		<Unit filename="extern/bullet/BulletCollision/CollisionShapes/btTriangleMeshShape.h" />
		<Unit filename="extern/bullet/BulletCollision/CollisionShapes/btTriangleShape.h" />
		<Unit filename="extern/bullet/BulletCollision/CollisionShapes/btUniformScalingShape.cpp" />
		<Unit filename="extern/bullet/BulletCollision/CollisionShapes/btUniformScalingShape.h" />
		<Unit filename="extern/bullet/BulletCollision/Gimpact/btBoxCollision.h" />
		<Unit filename="extern/bullet/BulletCollision/Gimpact/btClipPolygon.h" />
		<Unit filename="extern/bullet/BulletCollision/Gimpact/btCompoundFromGimpact.h" />
		<Unit filename="extern/bullet/BulletCollision/Gimpact/btContactProcessing.cpp" />
		<Unit filename="extern/bullet/BulletCollision/Gimpact/btContactProcessing.h" />
		<Unit filename="extern/bullet/BulletCollision/Gimpact/btGImpactBvh.cpp" />
		<Unit filename="extern/bullet/BulletCollision/Gimpact/btGImpactBvh.h" />
		<Unit filename="extern/bullet/BulletCollision/Gimpact/btGImpactCollisionAlgorithm.cpp" />
		<Unit filename="extern/bullet/BulletCollision/Gimpact/btGImpactCollisionAlgorithm.h" />
		<Unit filename="extern/bullet/BulletCollision/Gimpact/btGImpactMassUtil.h" />
		<Unit filename="extern/bullet/BulletCollision/Gimpact/btGImpactQuantizedBvh.cpp" />
		<Unit filename="extern/bullet/BulletCollision/Gimpact/btGImpactQuantizedBvh.h" />
		<Unit filename="extern/bullet/BulletCollision/Gimpact/btGImpactShape.cpp" />
		<Unit filename="extern/bullet/BulletCollision/Gimpact/btGImpactShape.h" />
		<Unit filename="extern/bullet/BulletCollision/Gimpact/btGenericPoolAllocator.cpp" />
		<Unit filename="extern/bullet/BulletCollision/Gimpact/btGenericPoolAllocator.h" />
		<Unit filename="extern/bullet/BulletCollision/Gimpact/btGeometryOperations.h" />
		<Unit filename="extern/bullet/BulletCollision/Gimpact/btQuantization.h" />
		<Unit filename="extern/bullet/BulletCollision/Gimpact/btTriangleShapeEx.cpp" />
		<Unit filename="extern/bullet/BulletCollision/Gimpact/btTriangleShapeEx.h" />
		<Unit filename="extern/bullet/BulletCollision/Gimpact/gim_array.h" />
		<Unit filename="extern/bullet/BulletCollision/Gimpact/gim_basic_geometry_operations.h" />
		<Unit filename="extern/bullet/BulletCollision/Gimpact/gim_bitset.h" />
		<Unit filename="extern/bullet/BulletCollision/Gimpact/gim_box_collision.h" />
		<Unit filename="extern/bullet/BulletCollision/Gimpact/gim_box_set.cpp" />
		<Unit filename="extern/bullet/BulletCollision/Gimpact/gim_box_set.h" />
		<Unit filename="extern/bullet/BulletCollision/Gimpact/gim_clip_polygon.h" />
		<Unit filename="extern/bullet/BulletCollision/Gimpact/gim_contact.cpp" />
		<Unit filename="extern/bullet/BulletCollision/Gimpact/gim_contact.h" />
		<Unit filename="extern/bullet/BulletCollision/Gimpact/gim_geom_types.h" />
		<Unit filename="extern/bullet/BulletCollision/Gimpact/gim_geometry.h" />
		<Unit filename="extern/bullet/BulletCollision/Gimpact/gim_hash_table.h" />
		<Unit filename="extern/bullet/BulletCollision/Gimpact/gim_linear_math.h" />
		<Unit filename="extern/bullet/BulletCollision/Gimpact/gim_math.h" />
		<Unit filename="extern/bullet/BulletCollision/Gimpact/gim_memory.cpp" />
		<Unit filename="extern/bullet/BulletCollision/Gimpact/gim_memory.h" />
		<Unit filename="extern/bullet/BulletCollision/Gimpact/gim_radixsort.h" />
		<Unit filename="extern/bullet/BulletCollision/Gimpact/gim_tri_collision.cpp" />
		<Unit filename="extern/bullet/BulletCollision/Gimpact/gim_tri_collision.h" />
		<Unit filename="extern/bullet/BulletCollision/NarrowPhaseCollision/btComputeGjkEpaPenetration.h" />
		<Unit filename="extern/bullet/BulletCollision/NarrowPhaseCollision/btContinuousConvexCollision.cpp" />
		<Unit filename="extern/bullet/BulletCollision/NarrowPhaseCollision/btContinuousConvexCollision.h" />
		<Unit filename="extern/bullet/BulletCollision/NarrowPhaseCollision/btConvexCast.cpp" />
		<Unit filename="extern/bullet/BulletCollision/NarrowPhaseCollision/btConvexCast.h" />
		<Unit filename="extern/bullet/BulletCollision/NarrowPhaseCollision/btConvexPenetrationDepthSolver.h" />
		<Unit filename="extern/bullet/BulletCollision/NarrowPhaseCollision/btDiscreteCollisionDetectorInterface.h" />
		<Unit filename="extern/bullet/BulletCollision/NarrowPhaseCollision/btGjkCollisionDescription.h" />
		<Unit filename="extern/bullet/BulletCollision/NarrowPhaseCollision/btGjkConvexCast.cpp" />
		<Unit filename="extern/bullet/BulletCollision/NarrowPhaseCollision/btGjkConvexCast.h" />
		<Unit filename="extern/bullet/BulletCollision/NarrowPhaseCollision/btGjkEpa2.cpp" />
		<Unit filename="extern/bullet/BulletCollision/NarrowPhaseCollision/btGjkEpa2.h" />
		<Unit filename="extern/bullet/BulletCollision/NarrowPhaseCollision/btGjkEpa3.h" />
		<Unit filename="extern/bullet/BulletCollision/NarrowPhaseCollision/btGjkEpaPenetrationDepthSolver.cpp" />
		<Unit filename="extern/bullet/BulletCollision/NarrowPhaseCollision/btGjkEpaPenetrationDepthSolver.h" />
		<Unit filename="extern/bullet/BulletCollision/NarrowPhaseCollision/btGjkPairDetector.cpp" />
		<Unit filename="extern/bullet/BulletCollision/NarrowPhaseCollision/btGjkPairDetector.h" />
		<Unit filename="extern/bullet/BulletCollision/NarrowPhaseCollision/btManifoldPoint.h" />
		<Unit filename="extern/bullet/BulletCollision/NarrowPhaseCollision/btMinkowskiPenetrationDepthSolver.cpp" />
		<Unit filename="extern/bullet/BulletCollision/NarrowPhaseCollision/btMinkowskiPenetrationDepthSolver.h" />
		<Unit filename="extern/bullet/BulletCollision/NarrowPhaseCollision/btMprPenetration.h" />
		<Unit filename="extern/bullet/BulletCollision/NarrowPhaseCollision/btPersistentManifold.cpp" />
		<Unit filename="extern/bullet/BulletCollision/NarrowPhaseCollision/btPersistentManifold.h" />
		<Unit filename="extern/bullet/BulletCollision/NarrowPhaseCollision/btPointCollector.h" />
		<Unit filename="extern/bullet/BulletCollision/NarrowPhaseCollision/btPolyhedralContactClipping.cpp" />
		<Unit filename="extern/bullet/BulletCollision/NarrowPhaseCollision/btPolyhedralContactClipping.h" />
		<Unit filename="extern/bullet/BulletCollision/NarrowPhaseCollision/btRaycastCallback.cpp" />
		<Unit filename="extern/bullet/BulletCollision/NarrowPhaseCollision/btRaycastCallback.h" />
		<Unit filename="extern/bullet/BulletCollision/NarrowPhaseCollision/btSimplexSolverInterface.h" />
		<Unit filename="extern/bullet/BulletCollision/NarrowPhaseCollision/btSubSimplexConvexCast.cpp" />
		<Unit filename="extern/bullet/BulletCollision/NarrowPhaseCollision/btSubSimplexConvexCast.h" />
		<Unit filename="extern/bullet/BulletCollision/NarrowPhaseCollision/btVoronoiSimplexSolver.cpp" />
		<Unit filename="extern/bullet/BulletCollision/NarrowPhaseCollision/btVoronoiSimplexSolver.h" />
		<Unit filename="extern/bullet/BulletDynamics/Character/btCharacterControllerInterface.h" />
		<Unit filename="extern/bullet/BulletDynamics/Character/btKinematicCharacterController.cpp" />
		<Unit filename="extern/bullet/BulletDynamics/Character/btKinematicCharacterController.h" />
		<Unit filename="extern/bullet/BulletDynamics/ConstraintSolver/btConeTwistConstraint.cpp" />
		<Unit filename="extern/bullet/BulletDynamics/ConstraintSolver/btConeTwistConstraint.h" />
		<Unit filename="extern/bullet/BulletDynamics/ConstraintSolver/btConstraintSolver.h" />
		<Unit filename="extern/bullet/BulletDynamics/ConstraintSolver/btContactConstraint.cpp" />
		<Unit filename="extern/bullet/BulletDynamics/ConstraintSolver/btContactConstraint.h" />
		<Unit filename="extern/bullet/BulletDynamics/ConstraintSolver/btContactSolverInfo.h" />
		<Unit filename="extern/bullet/BulletDynamics/ConstraintSolver/btFixedConstraint.cpp" />
		<Unit filename="extern/bullet/BulletDynamics/ConstraintSolver/btFixedConstraint.h" />
		<Unit filename="extern/bullet/BulletDynamics/ConstraintSolver/btGearConstraint.cpp" />
		<Unit filename="extern/bullet/BulletDynamics/ConstraintSolver/btGearConstraint.h" />
		<Unit filename="extern/bullet/BulletDynamics/ConstraintSolver/btGeneric6DofConstraint.cpp" />
		<Unit filename="extern/bullet/BulletDynamics/ConstraintSolver/btGeneric6DofConstraint.h" />
		<Unit filename="extern/bullet/BulletDynamics/ConstraintSolver/btGeneric6DofSpring2Constraint.cpp" />
		<Unit filename="extern/bullet/BulletDynamics/ConstraintSolver/btGeneric6DofSpring2Constraint.h" />
		<Unit filename="extern/bullet/BulletDynamics/ConstraintSolver/btGeneric6DofSpringConstraint.cpp" />
		<Unit filename="extern/bullet/BulletDynamics/ConstraintSolver/btGeneric6DofSpringConstraint.h" />
		<Unit filename="extern/bullet/BulletDynamics/ConstraintSolver/btHinge2Constraint.cpp" />
		<Unit filename="extern/bullet/BulletDynamics/ConstraintSolver/btHinge2Constraint.h" />
		<Unit filename="extern/bullet/BulletDynamics/ConstraintSolver/btHingeConstraint.cpp" />
		<Unit filename="extern/bullet/BulletDynamics/ConstraintSolver/btHingeConstraint.h" />
		<Unit filename="extern/bullet/BulletDynamics/ConstraintSolver/btJacobianEntry.h" />
		<Unit filename="extern/bullet/BulletDynamics/ConstraintSolver/btNNCGConstraintSolver.cpp" />
		<Unit filename="extern/bullet/BulletDynamics/ConstraintSolver/btNNCGConstraintSolver.h" />
		<Unit filename="extern/bullet/BulletDynamics/ConstraintSolver/btPoint2PointConstraint.cpp" />
		<Unit filename="extern/bullet/BulletDynamics/ConstraintSolver/btPoint2PointConstraint.h" />
		<Unit filename="extern/bullet/BulletDynamics/ConstraintSolver/btSequentialImpulseConstraintSolver.cpp" />
		<Unit filename="extern/bullet/BulletDynamics/ConstraintSolver/btSequentialImpulseConstraintSolver.h" />
		<Unit filename="extern/bullet/BulletDynamics/ConstraintSolver/btSliderConstraint.cpp" />
		<Unit filename="extern/bullet/BulletDynamics/ConstraintSolver/btSliderConstraint.h" />
		<Unit filename="extern/bullet/BulletDynamics/ConstraintSolver/btSolve2LinearConstraint.cpp" />
		<Unit filename="extern/bullet/BulletDynamics/ConstraintSolver/btSolve2LinearConstraint.h" />
		<Unit filename="extern/bullet/BulletDynamics/ConstraintSolver/btSolverBody.h" />
		<Unit filename="extern/bullet/BulletDynamics/ConstraintSolver/btSolverConstraint.h" />
		<Unit filename="extern/bullet/BulletDynamics/ConstraintSolver/btTypedConstraint.cpp" />
		<Unit filename="extern/bullet/BulletDynamics/ConstraintSolver/btTypedConstraint.h" />
		<Unit filename="extern/bullet/BulletDynamics/ConstraintSolver/btUniversalConstraint.cpp" />
		<Unit filename="extern/bullet/BulletDynamics/ConstraintSolver/btUniversalConstraint.h" />
		<Unit filename="extern/bullet/BulletDynamics/Dynamics/btActionInterface.h" />
		<Unit filename="extern/bullet/BulletDynamics/Dynamics/btDiscreteDynamicsWorld.cpp" />
		<Unit filename="extern/bullet/BulletDynamics/Dynamics/btDiscreteDynamicsWorld.h" />
		<Unit filename="extern/bullet/BulletDynamics/Dynamics/btDynamicsWorld.h" />
		<Unit filename="extern/bullet/BulletDynamics/Dynamics/btRigidBody.cpp" />
		<Unit filename="extern/bullet/BulletDynamics/Dynamics/btRigidBody.h" />
		<Unit filename="extern/bullet/BulletDynamics/Dynamics/btSimpleDynamicsWorld.cpp" />
		<Unit filename="extern/bullet/BulletDynamics/Dynamics/btSimpleDynamicsWorld.h" />
		<Unit filename="extern/bullet/BulletDynamics/Featherstone/btMultiBody.cpp" />
		<Unit filename="extern/bullet/BulletDynamics/Featherstone/btMultiBody.h" />
		<Unit filename="extern/bullet/BulletDynamics/Featherstone/btMultiBodyConstraint.cpp" />
		<Unit filename="extern/bullet/BulletDynamics/Featherstone/btMultiBodyConstraint.h" />
		<Unit filename="extern/bullet/BulletDynamics/Featherstone/btMultiBodyConstraintSolver.cpp" />
		<Unit filename="extern/bullet/BulletDynamics/Featherstone/btMultiBodyConstraintSolver.h" />
		<Unit filename="extern/bullet/BulletDynamics/Featherstone/btMultiBodyDynamicsWorld.cpp" />
		<Unit filename="extern/bullet/BulletDynamics/Featherstone/btMultiBodyDynamicsWorld.h" />
		<Unit filename="extern/bullet/BulletDynamics/Featherstone/btMultiBodyJointLimitConstraint.cpp" />
		<Unit filename="extern/bullet/BulletDynamics/Featherstone/btMultiBodyJointLimitConstraint.h" />
		<Unit filename="extern/bullet/BulletDynamics/Featherstone/btMultiBodyJointMotor.cpp" />
		<Unit filename="extern/bullet/BulletDynamics/Featherstone/btMultiBodyJointMotor.h" />
		<Unit filename="extern/bullet/BulletDynamics/Featherstone/btMultiBodyLink.h" />
		<Unit filename="extern/bullet/BulletDynamics/Featherstone/btMultiBodyLinkCollider.h" />
		<Unit filename="extern/bullet/BulletDynamics/Featherstone/btMultiBodyPoint2Point.cpp" />
		<Unit filename="extern/bullet/BulletDynamics/Featherstone/btMultiBodyPoint2Point.h" />
		<Unit filename="extern/bullet/BulletDynamics/Featherstone/btMultiBodySolverConstraint.h" />
		<Unit filename="extern/bullet/BulletDynamics/MLCPSolvers/btDantzigLCP.cpp" />
		<Unit filename="extern/bullet/BulletDynamics/MLCPSolvers/btDantzigLCP.h" />
		<Unit filename="extern/bullet/BulletDynamics/MLCPSolvers/btDantzigSolver.h" />
		<Unit filename="extern/bullet/BulletDynamics/MLCPSolvers/btLemkeAlgorithm.cpp" />
		<Unit filename="extern/bullet/BulletDynamics/MLCPSolvers/btLemkeAlgorithm.h" />
		<Unit filename="extern/bullet/BulletDynamics/MLCPSolvers/btLemkeSolver.h" />
		<Unit filename="extern/bullet/BulletDynamics/MLCPSolvers/btMLCPSolver.cpp" />
		<Unit filename="extern/bullet/BulletDynamics/MLCPSolvers/btMLCPSolver.h" />
		<Unit filename="extern/bullet/BulletDynamics/MLCPSolvers/btMLCPSolverInterface.h" />
		<Unit filename="extern/bullet/BulletDynamics/MLCPSolvers/btPATHSolver.h" />
		<Unit filename="extern/bullet/BulletDynamics/MLCPSolvers/btSolveProjectedGaussSeidel.h" />
		<Unit filename="extern/bullet/BulletDynamics/Vehicle/btRaycastVehicle.cpp" />
		<Unit filename="extern/bullet/BulletDynamics/Vehicle/btRaycastVehicle.h" />
		<Unit filename="extern/bullet/BulletDynamics/Vehicle/btVehicleRaycaster.h" />
		<Unit filename="extern/bullet/BulletDynamics/Vehicle/btWheelInfo.cpp" />
		<Unit filename="extern/bullet/BulletDynamics/Vehicle/btWheelInfo.h" />
		<Unit filename="extern/bullet/BulletSoftBody/btDefaultSoftBodySolver.cpp" />
		<Unit filename="extern/bullet/BulletSoftBody/btDefaultSoftBodySolver.h" />
		<Unit filename="extern/bullet/BulletSoftBody/btSoftBody.cpp" />
		<Unit filename="extern/bullet/BulletSoftBody/btSoftBody.h" />
		<Unit filename="extern/bullet/BulletSoftBody/btSoftBodyConcaveCollisionAlgorithm.cpp" />
		<Unit filename="extern/bullet/BulletSoftBody/btSoftBodyConcaveCollisionAlgorithm.h" />
		<Unit filename="extern/bullet/BulletSoftBody/btSoftBodyData.h" />
		<Unit filename="extern/bullet/BulletSoftBody/btSoftBodyHelpers.cpp" />
		<Unit filename="extern/bullet/BulletSoftBody/btSoftBodyHelpers.h" />
		<Unit filename="extern/bullet/BulletSoftBody/btSoftBodyInternals.h" />
		<Unit filename="extern/bullet/BulletSoftBody/btSoftBodyRigidBodyCollisionConfiguration.cpp" />
		<Unit filename="extern/bullet/BulletSoftBody/btSoftBodyRigidBodyCollisionConfiguration.h" />
		<Unit filename="extern/bullet/BulletSoftBody/btSoftBodySolverVertexBuffer.h" />
		<Unit filename="extern/bullet/BulletSoftBody/btSoftBodySolvers.h" />
		<Unit filename="extern/bullet/BulletSoftBody/btSoftRigidCollisionAlgorithm.cpp" />
		<Unit filename="extern/bullet/BulletSoftBody/btSoftRigidCollisionAlgorithm.h" />
		<Unit filename="extern/bullet/BulletSoftBody/btSoftRigidDynamicsWorld.cpp" />
		<Unit filename="extern/bullet/BulletSoftBody/btSoftRigidDynamicsWorld.h" />
		<Unit filename="extern/bullet/BulletSoftBody/btSoftSoftCollisionAlgorithm.cpp" />
		<Unit filename="extern/bullet/BulletSoftBody/btSoftSoftCollisionAlgorithm.h" />
		<Unit filename="extern/bullet/BulletSoftBody/btSparseSDF.h" />
		<Unit filename="extern/bullet/LinearMath/btAabbUtil2.h" />
		<Unit filename="extern/bullet/LinearMath/btAlignedAllocator.cpp" />
		<Unit filename="extern/bullet/LinearMath/btAlignedAllocator.h" />
		<Unit filename="extern/bullet/LinearMath/btAlignedObjectArray.h" />
		<Unit filename="extern/bullet/LinearMath/btConvexHull.cpp" />
		<Unit filename="extern/bullet/LinearMath/btConvexHull.h" />
		<Unit filename="extern/bullet/LinearMath/btConvexHullComputer.cpp" />
		<Unit filename="extern/bullet/LinearMath/btConvexHullComputer.h" />
		<Unit filename="extern/bullet/LinearMath/btCpuFeatureUtility.h" />
		<Unit filename="extern/bullet/LinearMath/btDefaultMotionState.h" />
		<Unit filename="extern/bullet/LinearMath/btGeometryUtil.cpp" />
		<Unit filename="extern/bullet/LinearMath/btGeometryUtil.h" />
		<Unit filename="extern/bullet/LinearMath/btGrahamScan2dConvexHull.h" />
		<Unit filename="extern/bullet/LinearMath/btHashMap.h" />
		<Unit filename="extern/bullet/LinearMath/btIDebugDraw.h" />
		<Unit filename="extern/bullet/LinearMath/btList.h" />
		<Unit filename="extern/bullet/LinearMath/btMatrix3x3.h" />
		<Unit filename="extern/bullet/LinearMath/btMatrixX.h" />
		<Unit filename="extern/bullet/LinearMath/btMinMax.h" />
		<Unit filename="extern/bullet/LinearMath/btMotionState.h" />
		<Unit filename="extern/bullet/LinearMath/btPolarDecomposition.cpp" />
		<Unit filename="extern/bullet/LinearMath/btPolarDecomposition.h" />
		<Unit filename="extern/bullet/LinearMath/btPoolAllocator.h" />
		<Unit filename="extern/bullet/LinearMath/btQuadWord.h" />
		<Unit filename="extern/bullet/LinearMath/btQuaternion.h" />
		<Unit filename="extern/bullet/LinearMath/btQuickprof.cpp" />
		<Unit filename="extern/bullet/LinearMath/btQuickprof.h" />
		<Unit filename="extern/bullet/LinearMath/btRandom.h" />
		<Unit filename="extern/bullet/LinearMath/btScalar.h" />
		<Unit filename="extern/bullet/LinearMath/btSerializer.cpp" />
		<Unit filename="extern/bullet/LinearMath/btSerializer.h" />
		<Unit filename="extern/bullet/LinearMath/btSpatialAlgebra.h" />
		<Unit filename="extern/bullet/LinearMath/btStackAlloc.h" />
		<Unit filename="extern/bullet/LinearMath/btTransform.h" />
		<Unit filename="extern/bullet/LinearMath/btTransformUtil.h" />
		<Unit filename="extern/bullet/LinearMath/btVector3.cpp" />
		<Unit filename="extern/bullet/LinearMath/btVector3.h" />
		<Unit filename="extern/bullet/btBulletCollisionCommon.h" />
		<Unit filename="extern/bullet/btBulletDynamicsCommon.h" />
		<Unit filename="extern/freetype2/include/config/ftconfig.h" />
		<Unit filename="extern/freetype2/include/config/ftheader.h" />
		<Unit filename="extern/freetype2/include/config/ftmodule.h" />
		<Unit filename="extern/freetype2/include/config/ftoption.h" />
		<Unit filename="extern/freetype2/include/config/ftstdlib.h" />
		<Unit filename="extern/freetype2/include/freetype.h" />
		<Unit filename="extern/freetype2/include/ft2build.h" />
		<Unit filename="extern/freetype2/include/ftadvanc.h" />
		<Unit filename="extern/freetype2/include/ftautoh.h" />
		<Unit filename="extern/freetype2/include/ftbbox.h" />
		<Unit filename="extern/freetype2/include/ftbdf.h" />
		<Unit filename="extern/freetype2/include/ftbitmap.h" />
		<Unit filename="extern/freetype2/include/ftbzip2.h" />
		<Unit filename="extern/freetype2/include/ftcache.h" />
		<Unit filename="extern/freetype2/include/ftcffdrv.h" />
		<Unit filename="extern/freetype2/include/ftchapters.h" />
		<Unit filename="extern/freetype2/include/ftcid.h" />
		<Unit filename="extern/freetype2/include/fterrdef.h" />
		<Unit filename="extern/freetype2/include/fterrors.h" />
		<Unit filename="extern/freetype2/include/ftgasp.h" />
		<Unit filename="extern/freetype2/include/ftglyph.h" />
		<Unit filename="extern/freetype2/include/ftgxval.h" />
		<Unit filename="extern/freetype2/include/ftgzip.h" />
		<Unit filename="extern/freetype2/include/ftimage.h" />
		<Unit filename="extern/freetype2/include/ftincrem.h" />
		<Unit filename="extern/freetype2/include/ftlcdfil.h" />
		<Unit filename="extern/freetype2/include/ftlist.h" />
		<Unit filename="extern/freetype2/include/ftlzw.h" />
		<Unit filename="extern/freetype2/include/ftmac.h" />
		<Unit filename="extern/freetype2/include/ftmm.h" />
		<Unit filename="extern/freetype2/include/ftmodapi.h" />
		<Unit filename="extern/freetype2/include/ftmoderr.h" />
		<Unit filename="extern/freetype2/include/ftotval.h" />
		<Unit filename="extern/freetype2/include/ftoutln.h" />
		<Unit filename="extern/freetype2/include/ftpfr.h" />
		<Unit filename="extern/freetype2/include/ftrender.h" />
		<Unit filename="extern/freetype2/include/ftsizes.h" />
		<Unit filename="extern/freetype2/include/ftsnames.h" />
		<Unit filename="extern/freetype2/include/ftstroke.h" />
		<Unit filename="extern/freetype2/include/ftsynth.h" />
		<Unit filename="extern/freetype2/include/ftsystem.h" />
		<Unit filename="extern/freetype2/include/fttrigon.h" />
		<Unit filename="extern/freetype2/include/ftttdrv.h" />
		<Unit filename="extern/freetype2/include/fttypes.h" />
		<Unit filename="extern/freetype2/include/ftwinfnt.h" />
		<Unit filename="extern/freetype2/include/ftxf86.h" />
		<Unit filename="extern/freetype2/include/internal/autohint.h" />
		<Unit filename="extern/freetype2/include/internal/ftcalc.h" />
		<Unit filename="extern/freetype2/include/internal/ftdebug.h" />
		<Unit filename="extern/freetype2/include/internal/ftdriver.h" />
		<Unit filename="extern/freetype2/include/internal/ftgloadr.h" />
		<Unit filename="extern/freetype2/include/internal/ftmemory.h" />
		<Unit filename="extern/freetype2/include/internal/ftobjs.h" />
		<Unit filename="extern/freetype2/include/internal/ftpic.h" />
		<Unit filename="extern/freetype2/include/internal/ftrfork.h" />
		<Unit filename="extern/freetype2/include/internal/ftserv.h" />
		<Unit filename="extern/freetype2/include/internal/ftstream.h" />
		<Unit filename="extern/freetype2/include/internal/fttrace.h" />
		<Unit filename="extern/freetype2/include/internal/ftvalid.h" />
		<Unit filename="extern/freetype2/include/internal/internal.h" />
		<Unit filename="extern/freetype2/include/internal/psaux.h" />
		<Unit filename="extern/freetype2/include/internal/pshints.h" />
		<Unit filename="extern/freetype2/include/internal/services/svbdf.h" />
		<Unit filename="extern/freetype2/include/internal/services/svcid.h" />
		<Unit filename="extern/freetype2/include/internal/services/svgldict.h" />
		<Unit filename="extern/freetype2/include/internal/services/svgxval.h" />
		<Unit filename="extern/freetype2/include/internal/services/svkern.h" />
		<Unit filename="extern/freetype2/include/internal/services/svmm.h" />
		<Unit filename="extern/freetype2/include/internal/services/svotval.h" />
		<Unit filename="extern/freetype2/include/internal/services/svpfr.h" />
		<Unit filename="extern/freetype2/include/internal/services/svpostnm.h" />
		<Unit filename="extern/freetype2/include/internal/services/svprop.h" />
		<Unit filename="extern/freetype2/include/internal/services/svpscmap.h" />
		<Unit filename="extern/freetype2/include/internal/services/svpsinfo.h" />
		<Unit filename="extern/freetype2/include/internal/services/svsfnt.h" />
		<Unit filename="extern/freetype2/include/internal/services/svttcmap.h" />
		<Unit filename="extern/freetype2/include/internal/services/svtteng.h" />
		<Unit filename="extern/freetype2/include/internal/services/svttglyf.h" />
		<Unit filename="extern/freetype2/include/internal/services/svwinfnt.h" />
		<Unit filename="extern/freetype2/include/internal/services/svxf86nm.h" />
		<Unit filename="extern/freetype2/include/internal/sfnt.h" />
		<Unit filename="extern/freetype2/include/internal/t1types.h" />
		<Unit filename="extern/freetype2/include/internal/tttypes.h" />
		<Unit filename="extern/freetype2/include/t1tables.h" />
		<Unit filename="extern/freetype2/include/ttnameid.h" />
		<Unit filename="extern/freetype2/include/tttables.h" />
		<Unit filename="extern/freetype2/include/tttags.h" />
		<Unit filename="extern/freetype2/include/ttunpat.h" />
		<Unit filename="extern/freetype2/src/autofit/afangles.h" />
		<Unit filename="extern/freetype2/src/autofit/afangles.hpp" />
		<Unit filename="extern/freetype2/src/autofit/afblue.h" />
		<Unit filename="extern/freetype2/src/autofit/afblue.hpp" />
		<Unit filename="extern/freetype2/src/autofit/afcjk.h" />
		<Unit filename="extern/freetype2/src/autofit/afcjk.hpp" />
		<Unit filename="extern/freetype2/src/autofit/afcover.h" />
		<Unit filename="extern/freetype2/src/autofit/afdummy.h" />
		<Unit filename="extern/freetype2/src/autofit/afdummy.hpp" />
		<Unit filename="extern/freetype2/src/autofit/aferrors.h" />
		<Unit filename="extern/freetype2/src/autofit/afglobal.h" />
		<Unit filename="extern/freetype2/src/autofit/afglobal.hpp" />
		<Unit filename="extern/freetype2/src/autofit/afhints.h" />
		<Unit filename="extern/freetype2/src/autofit/afhints.hpp" />
		<Unit filename="extern/freetype2/src/autofit/afindic.h" />
		<Unit filename="extern/freetype2/src/autofit/afindic.hpp" />
		<Unit filename="extern/freetype2/src/autofit/aflatin.h" />
		<Unit filename="extern/freetype2/src/autofit/aflatin.hpp" />
		<Unit filename="extern/freetype2/src/autofit/aflatin2.h" />
		<Unit filename="extern/freetype2/src/autofit/aflatin2.hpp" />
		<Unit filename="extern/freetype2/src/autofit/afloader.h" />
		<Unit filename="extern/freetype2/src/autofit/afloader.hpp" />
		<Unit filename="extern/freetype2/src/autofit/afmodule.h" />
		<Unit filename="extern/freetype2/src/autofit/afmodule.hpp" />
		<Unit filename="extern/freetype2/src/autofit/afpic.h" />
		<Unit filename="extern/freetype2/src/autofit/afpic.hpp" />
		<Unit filename="extern/freetype2/src/autofit/afranges.h" />
		<Unit filename="extern/freetype2/src/autofit/afranges.hpp" />
		<Unit filename="extern/freetype2/src/autofit/afscript.h" />
		<Unit filename="extern/freetype2/src/autofit/afstyles.h" />
		<Unit filename="extern/freetype2/src/autofit/aftypes.h" />
		<Unit filename="extern/freetype2/src/autofit/afwarp.h" />
		<Unit filename="extern/freetype2/src/autofit/afwarp.hpp" />
		<Unit filename="extern/freetype2/src/autofit/afwrtsys.h" />
		<Unit filename="extern/freetype2/src/autofit/autofit.c">
			<Option compilerVar="CC" />
		</Unit>
		<Unit filename="extern/freetype2/src/autofit/hbshim.h" />
		<Unit filename="extern/freetype2/src/autofit/hbshim.hpp" />
		<Unit filename="extern/freetype2/src/base/basepic.h" />
		<Unit filename="extern/freetype2/src/base/basepic.hpp" />
		<Unit filename="extern/freetype2/src/base/ftadvanc.hpp" />
		<Unit filename="extern/freetype2/src/base/ftapi.c">
			<Option compilerVar="CC" />
		</Unit>
		<Unit filename="extern/freetype2/src/base/ftbase.c">
			<Option compilerVar="CC" />
		</Unit>
		<Unit filename="extern/freetype2/src/base/ftbase.h" />
		<Unit filename="extern/freetype2/src/base/ftbbox.c">
			<Option compilerVar="CC" />
		</Unit>
		<Unit filename="extern/freetype2/src/base/ftbdf.c">
			<Option compilerVar="CC" />
		</Unit>
		<Unit filename="extern/freetype2/src/base/ftbitmap.c">
			<Option compilerVar="CC" />
		</Unit>
		<Unit filename="extern/freetype2/src/base/ftcalc.hpp" />
		<Unit filename="extern/freetype2/src/base/ftcid.c">
			<Option compilerVar="CC" />
		</Unit>
		<Unit filename="extern/freetype2/src/base/ftdbgmem.hpp" />
		<Unit filename="extern/freetype2/src/base/ftdebug.c">
			<Option compilerVar="CC" />
		</Unit>
		<Unit filename="extern/freetype2/src/base/ftfstype.c">
			<Option compilerVar="CC" />
		</Unit>
		<Unit filename="extern/freetype2/src/base/ftgasp.c">
			<Option compilerVar="CC" />
		</Unit>
		<Unit filename="extern/freetype2/src/base/ftgloadr.hpp" />
		<Unit filename="extern/freetype2/src/base/ftglyph.c">
			<Option compilerVar="CC" />
		</Unit>
		<Unit filename="extern/freetype2/src/base/ftgxval.c">
			<Option compilerVar="CC" />
		</Unit>
		<Unit filename="extern/freetype2/src/base/ftinit.c">
			<Option compilerVar="CC" />
		</Unit>
		<Unit filename="extern/freetype2/src/base/ftlcdfil.c">
			<Option compilerVar="CC" />
		</Unit>
		<Unit filename="extern/freetype2/src/base/ftmac.hpp" />
		<Unit filename="extern/freetype2/src/base/ftmm.c">
			<Option compilerVar="CC" />
		</Unit>
		<Unit filename="extern/freetype2/src/base/ftobjs.hpp" />
		<Unit filename="extern/freetype2/src/base/ftotval.c">
			<Option compilerVar="CC" />
		</Unit>
		<Unit filename="extern/freetype2/src/base/ftoutln.hpp" />
		<Unit filename="extern/freetype2/src/base/ftpatent.c">
			<Option compilerVar="CC" />
		</Unit>
		<Unit filename="extern/freetype2/src/base/ftpfr.c">
			<Option compilerVar="CC" />
		</Unit>
		<Unit filename="extern/freetype2/src/base/ftpic.hpp" />
		<Unit filename="extern/freetype2/src/base/ftrfork.hpp" />
		<Unit filename="extern/freetype2/src/base/ftsnames.hpp" />
		<Unit filename="extern/freetype2/src/base/ftstream.hpp" />
		<Unit filename="extern/freetype2/src/base/ftstroke.c">
			<Option compilerVar="CC" />
		</Unit>
		<Unit filename="extern/freetype2/src/base/ftsynth.c">
			<Option compilerVar="CC" />
		</Unit>
		<Unit filename="extern/freetype2/src/base/ftsystem.c">
			<Option compilerVar="CC" />
		</Unit>
		<Unit filename="extern/freetype2/src/base/fttrigon.hpp" />
		<Unit filename="extern/freetype2/src/base/fttype1.c">
			<Option compilerVar="CC" />
		</Unit>
		<Unit filename="extern/freetype2/src/base/ftutil.hpp" />
		<Unit filename="extern/freetype2/src/base/ftwinfnt.c">
			<Option compilerVar="CC" />
		</Unit>
		<Unit filename="extern/freetype2/src/base/ftxf86.c">
			<Option compilerVar="CC" />
		</Unit>
		<Unit filename="extern/freetype2/src/base/md5.c">
			<Option compilerVar="CC" />
		</Unit>
		<Unit filename="extern/freetype2/src/base/md5.h" />
		<Unit filename="extern/freetype2/src/bdf/bdf.c">
			<Option compilerVar="CC" />
		</Unit>
		<Unit filename="extern/freetype2/src/bdf/bdf.h" />
		<Unit filename="extern/freetype2/src/bdf/bdfdrivr.h" />
		<Unit filename="extern/freetype2/src/bdf/bdfdrivr.hpp" />
		<Unit filename="extern/freetype2/src/bdf/bdferror.h" />
		<Unit filename="extern/freetype2/src/bdf/bdflib.hpp" />
		<Unit filename="extern/freetype2/src/bzip2/ftbzip2.c">
			<Option compilerVar="CC" />
		</Unit>
		<Unit filename="extern/freetype2/src/cache/ftcache.c">
			<Option compilerVar="CC" />
		</Unit>
		<Unit filename="extern/freetype2/src/cache/ftcbasic.hpp" />
		<Unit filename="extern/freetype2/src/cache/ftccache.h" />
		<Unit filename="extern/freetype2/src/cache/ftccache.hpp" />
		<Unit filename="extern/freetype2/src/cache/ftccback.h" />
		<Unit filename="extern/freetype2/src/cache/ftccmap.hpp" />
		<Unit filename="extern/freetype2/src/cache/ftcerror.h" />
		<Unit filename="extern/freetype2/src/cache/ftcglyph.h" />
		<Unit filename="extern/freetype2/src/cache/ftcglyph.hpp" />
		<Unit filename="extern/freetype2/src/cache/ftcimage.h" />
		<Unit filename="extern/freetype2/src/cache/ftcimage.hpp" />
		<Unit filename="extern/freetype2/src/cache/ftcmanag.h" />
		<Unit filename="extern/freetype2/src/cache/ftcmanag.hpp" />
		<Unit filename="extern/freetype2/src/cache/ftcmru.h" />
		<Unit filename="extern/freetype2/src/cache/ftcmru.hpp" />
		<Unit filename="extern/freetype2/src/cache/ftcsbits.h" />
		<Unit filename="extern/freetype2/src/cache/ftcsbits.hpp" />
		<Unit filename="extern/freetype2/src/cff/cf2arrst.h" />
		<Unit filename="extern/freetype2/src/cff/cf2arrst.hpp" />
		<Unit filename="extern/freetype2/src/cff/cf2blues.h" />
		<Unit filename="extern/freetype2/src/cff/cf2blues.hpp" />
		<Unit filename="extern/freetype2/src/cff/cf2error.h" />
		<Unit filename="extern/freetype2/src/cff/cf2error.hpp" />
		<Unit filename="extern/freetype2/src/cff/cf2fixed.h" />
		<Unit filename="extern/freetype2/src/cff/cf2font.h" />
		<Unit filename="extern/freetype2/src/cff/cf2font.hpp" />
		<Unit filename="extern/freetype2/src/cff/cf2ft.h" />
		<Unit filename="extern/freetype2/src/cff/cf2ft.hpp" />
		<Unit filename="extern/freetype2/src/cff/cf2glue.h" />
		<Unit filename="extern/freetype2/src/cff/cf2hints.h" />
		<Unit filename="extern/freetype2/src/cff/cf2hints.hpp" />
		<Unit filename="extern/freetype2/src/cff/cf2intrp.h" />
		<Unit filename="extern/freetype2/src/cff/cf2intrp.hpp" />
		<Unit filename="extern/freetype2/src/cff/cf2read.h" />
		<Unit filename="extern/freetype2/src/cff/cf2read.hpp" />
		<Unit filename="extern/freetype2/src/cff/cf2stack.h" />
		<Unit filename="extern/freetype2/src/cff/cf2stack.hpp" />
		<Unit filename="extern/freetype2/src/cff/cf2types.h" />
		<Unit filename="extern/freetype2/src/cff/cff.c">
			<Option compilerVar="CC" />
		</Unit>
		<Unit filename="extern/freetype2/src/cff/cffcmap.h" />
		<Unit filename="extern/freetype2/src/cff/cffcmap.hpp" />
		<Unit filename="extern/freetype2/src/cff/cffdrivr.h" />
		<Unit filename="extern/freetype2/src/cff/cffdrivr.hpp" />
		<Unit filename="extern/freetype2/src/cff/cfferrs.h" />
		<Unit filename="extern/freetype2/src/cff/cffgload.h" />
		<Unit filename="extern/freetype2/src/cff/cffgload.hpp" />
		<Unit filename="extern/freetype2/src/cff/cffload.h" />
		<Unit filename="extern/freetype2/src/cff/cffload.hpp" />
		<Unit filename="extern/freetype2/src/cff/cffobjs.h" />
		<Unit filename="extern/freetype2/src/cff/cffobjs.hpp" />
		<Unit filename="extern/freetype2/src/cff/cffparse.h" />
		<Unit filename="extern/freetype2/src/cff/cffparse.hpp" />
		<Unit filename="extern/freetype2/src/cff/cffpic.h" />
		<Unit filename="extern/freetype2/src/cff/cffpic.hpp" />
		<Unit filename="extern/freetype2/src/cff/cfftoken.h" />
		<Unit filename="extern/freetype2/src/cff/cfftypes.h" />
		<Unit filename="extern/freetype2/src/cid/ciderrs.h" />
		<Unit filename="extern/freetype2/src/cid/cidgload.h" />
		<Unit filename="extern/freetype2/src/cid/cidgload.hpp" />
		<Unit filename="extern/freetype2/src/cid/cidload.h" />
		<Unit filename="extern/freetype2/src/cid/cidload.hpp" />
		<Unit filename="extern/freetype2/src/cid/cidobjs.h" />
		<Unit filename="extern/freetype2/src/cid/cidobjs.hpp" />
		<Unit filename="extern/freetype2/src/cid/cidparse.h" />
		<Unit filename="extern/freetype2/src/cid/cidparse.hpp" />
		<Unit filename="extern/freetype2/src/cid/cidriver.h" />
		<Unit filename="extern/freetype2/src/cid/cidriver.hpp" />
		<Unit filename="extern/freetype2/src/cid/cidtoken.h" />
		<Unit filename="extern/freetype2/src/cid/type1cid.c">
			<Option compilerVar="CC" />
		</Unit>
		<Unit filename="extern/freetype2/src/gxvalid/gxvalid.c">
			<Option compilerVar="CC" />
		</Unit>
		<Unit filename="extern/freetype2/src/gxvalid/gxvalid.h" />
		<Unit filename="extern/freetype2/src/gxvalid/gxvbsln.hpp" />
		<Unit filename="extern/freetype2/src/gxvalid/gxvcommn.h" />
		<Unit filename="extern/freetype2/src/gxvalid/gxvcommn.hpp" />
		<Unit filename="extern/freetype2/src/gxvalid/gxverror.h" />
		<Unit filename="extern/freetype2/src/gxvalid/gxvfeat.h" />
		<Unit filename="extern/freetype2/src/gxvalid/gxvfeat.hpp" />
		<Unit filename="extern/freetype2/src/gxvalid/gxvjust.hpp" />
		<Unit filename="extern/freetype2/src/gxvalid/gxvkern.hpp" />
		<Unit filename="extern/freetype2/src/gxvalid/gxvlcar.hpp" />
		<Unit filename="extern/freetype2/src/gxvalid/gxvmod.h" />
		<Unit filename="extern/freetype2/src/gxvalid/gxvmod.hpp" />
		<Unit filename="extern/freetype2/src/gxvalid/gxvmort.h" />
		<Unit filename="extern/freetype2/src/gxvalid/gxvmort.hpp" />
		<Unit filename="extern/freetype2/src/gxvalid/gxvmort0.hpp" />
		<Unit filename="extern/freetype2/src/gxvalid/gxvmort1.hpp" />
		<Unit filename="extern/freetype2/src/gxvalid/gxvmort2.hpp" />
		<Unit filename="extern/freetype2/src/gxvalid/gxvmort4.hpp" />
		<Unit filename="extern/freetype2/src/gxvalid/gxvmort5.hpp" />
		<Unit filename="extern/freetype2/src/gxvalid/gxvmorx.h" />
		<Unit filename="extern/freetype2/src/gxvalid/gxvmorx.hpp" />
		<Unit filename="extern/freetype2/src/gxvalid/gxvmorx0.hpp" />
		<Unit filename="extern/freetype2/src/gxvalid/gxvmorx1.hpp" />
		<Unit filename="extern/freetype2/src/gxvalid/gxvmorx2.hpp" />
		<Unit filename="extern/freetype2/src/gxvalid/gxvmorx4.hpp" />
		<Unit filename="extern/freetype2/src/gxvalid/gxvmorx5.hpp" />
		<Unit filename="extern/freetype2/src/gxvalid/gxvopbd.hpp" />
		<Unit filename="extern/freetype2/src/gxvalid/gxvprop.hpp" />
		<Unit filename="extern/freetype2/src/gxvalid/gxvtrak.hpp" />
		<Unit filename="extern/freetype2/src/gzip/ftgzip.c">
			<Option compilerVar="CC" />
		</Unit>
		<Unit filename="extern/freetype2/src/gzip/inffixed.h" />
		<Unit filename="extern/freetype2/src/lzw/ftlzw.c">
			<Option compilerVar="CC" />
		</Unit>
		<Unit filename="extern/freetype2/src/lzw/ftzopen.h" />
		<Unit filename="extern/freetype2/src/lzw/ftzopen.hpp" />
		<Unit filename="extern/freetype2/src/otvalid/otvalid.c">
			<Option compilerVar="CC" />
		</Unit>
		<Unit filename="extern/freetype2/src/otvalid/otvalid.h" />
		<Unit filename="extern/freetype2/src/otvalid/otvbase.hpp" />
		<Unit filename="extern/freetype2/src/otvalid/otvcommn.h" />
		<Unit filename="extern/freetype2/src/otvalid/otvcommn.hpp" />
		<Unit filename="extern/freetype2/src/otvalid/otverror.h" />
		<Unit filename="extern/freetype2/src/otvalid/otvgdef.hpp" />
		<Unit filename="extern/freetype2/src/otvalid/otvgpos.h" />
		<Unit filename="extern/freetype2/src/otvalid/otvgpos.hpp" />
		<Unit filename="extern/freetype2/src/otvalid/otvgsub.hpp" />
		<Unit filename="extern/freetype2/src/otvalid/otvjstf.hpp" />
		<Unit filename="extern/freetype2/src/otvalid/otvmath.hpp" />
		<Unit filename="extern/freetype2/src/otvalid/otvmod.h" />
		<Unit filename="extern/freetype2/src/otvalid/otvmod.hpp" />
		<Unit filename="extern/freetype2/src/pcf/pcf.c">
			<Option compilerVar="CC" />
		</Unit>
		<Unit filename="extern/freetype2/src/pcf/pcf.h" />
		<Unit filename="extern/freetype2/src/pcf/pcfdrivr.h" />
		<Unit filename="extern/freetype2/src/pcf/pcfdrivr.hpp" />
		<Unit filename="extern/freetype2/src/pcf/pcferror.h" />
		<Unit filename="extern/freetype2/src/pcf/pcfread.h" />
		<Unit filename="extern/freetype2/src/pcf/pcfread.hpp" />
		<Unit filename="extern/freetype2/src/pcf/pcfutil.h" />
		<Unit filename="extern/freetype2/src/pcf/pcfutil.hpp" />
		<Unit filename="extern/freetype2/src/pfr/pfr.c">
			<Option compilerVar="CC" />
		</Unit>
		<Unit filename="extern/freetype2/src/pfr/pfrcmap.h" />
		<Unit filename="extern/freetype2/src/pfr/pfrcmap.hpp" />
		<Unit filename="extern/freetype2/src/pfr/pfrdrivr.h" />
		<Unit filename="extern/freetype2/src/pfr/pfrdrivr.hpp" />
		<Unit filename="extern/freetype2/src/pfr/pfrerror.h" />
		<Unit filename="extern/freetype2/src/pfr/pfrgload.h" />
		<Unit filename="extern/freetype2/src/pfr/pfrgload.hpp" />
		<Unit filename="extern/freetype2/src/pfr/pfrload.h" />
		<Unit filename="extern/freetype2/src/pfr/pfrload.hpp" />
		<Unit filename="extern/freetype2/src/pfr/pfrobjs.h" />
		<Unit filename="extern/freetype2/src/pfr/pfrobjs.hpp" />
		<Unit filename="extern/freetype2/src/pfr/pfrsbit.h" />
		<Unit filename="extern/freetype2/src/pfr/pfrsbit.hpp" />
		<Unit filename="extern/freetype2/src/pfr/pfrtypes.h" />
		<Unit filename="extern/freetype2/src/psaux/afmparse.h" />
		<Unit filename="extern/freetype2/src/psaux/afmparse.hpp" />
		<Unit filename="extern/freetype2/src/psaux/psaux.c">
			<Option compilerVar="CC" />
		</Unit>
		<Unit filename="extern/freetype2/src/psaux/psauxerr.h" />
		<Unit filename="extern/freetype2/src/psaux/psauxmod.h" />
		<Unit filename="extern/freetype2/src/psaux/psauxmod.hpp" />
		<Unit filename="extern/freetype2/src/psaux/psconv.h" />
		<Unit filename="extern/freetype2/src/psaux/psconv.hpp" />
		<Unit filename="extern/freetype2/src/psaux/psobjs.h" />
		<Unit filename="extern/freetype2/src/psaux/psobjs.hpp" />
		<Unit filename="extern/freetype2/src/psaux/t1cmap.h" />
		<Unit filename="extern/freetype2/src/psaux/t1cmap.hpp" />
		<Unit filename="extern/freetype2/src/psaux/t1decode.h" />
		<Unit filename="extern/freetype2/src/psaux/t1decode.hpp" />
		<Unit filename="extern/freetype2/src/pshinter/pshalgo.h" />
		<Unit filename="extern/freetype2/src/pshinter/pshalgo.hpp" />
		<Unit filename="extern/freetype2/src/pshinter/pshglob.h" />
		<Unit filename="extern/freetype2/src/pshinter/pshglob.hpp" />
		<Unit filename="extern/freetype2/src/pshinter/pshinter.c">
			<Option compilerVar="CC" />
		</Unit>
		<Unit filename="extern/freetype2/src/pshinter/pshmod.h" />
		<Unit filename="extern/freetype2/src/pshinter/pshmod.hpp" />
		<Unit filename="extern/freetype2/src/pshinter/pshnterr.h" />
		<Unit filename="extern/freetype2/src/pshinter/pshpic.h" />
		<Unit filename="extern/freetype2/src/pshinter/pshpic.hpp" />
		<Unit filename="extern/freetype2/src/pshinter/pshrec.h" />
		<Unit filename="extern/freetype2/src/pshinter/pshrec.hpp" />
		<Unit filename="extern/freetype2/src/psnames/psmodule.h" />
		<Unit filename="extern/freetype2/src/psnames/psmodule.hpp" />
		<Unit filename="extern/freetype2/src/psnames/psnamerr.h" />
		<Unit filename="extern/freetype2/src/psnames/psnames.c">
			<Option compilerVar="CC" />
		</Unit>
		<Unit filename="extern/freetype2/src/psnames/pspic.h" />
		<Unit filename="extern/freetype2/src/psnames/pspic.hpp" />
		<Unit filename="extern/freetype2/src/psnames/pstables.h" />
		<Unit filename="extern/freetype2/src/raster/ftmisc.h" />
		<Unit filename="extern/freetype2/src/raster/ftraster.h" />
		<Unit filename="extern/freetype2/src/raster/ftraster.hpp" />
		<Unit filename="extern/freetype2/src/raster/ftrend1.h" />
		<Unit filename="extern/freetype2/src/raster/ftrend1.hpp" />
		<Unit filename="extern/freetype2/src/raster/raster.c">
			<Option compilerVar="CC" />
		</Unit>
		<Unit filename="extern/freetype2/src/raster/rasterrs.h" />
		<Unit filename="extern/freetype2/src/raster/rastpic.h" />
		<Unit filename="extern/freetype2/src/raster/rastpic.hpp" />
		<Unit filename="extern/freetype2/src/sfnt/pngshim.h" />
		<Unit filename="extern/freetype2/src/sfnt/pngshim.hpp" />
		<Unit filename="extern/freetype2/src/sfnt/sfdriver.h" />
		<Unit filename="extern/freetype2/src/sfnt/sfdriver.hpp" />
		<Unit filename="extern/freetype2/src/sfnt/sferrors.h" />
		<Unit filename="extern/freetype2/src/sfnt/sfnt.c">
			<Option compilerVar="CC" />
		</Unit>
		<Unit filename="extern/freetype2/src/sfnt/sfntpic.h" />
		<Unit filename="extern/freetype2/src/sfnt/sfntpic.hpp" />
		<Unit filename="extern/freetype2/src/sfnt/sfobjs.h" />
		<Unit filename="extern/freetype2/src/sfnt/sfobjs.hpp" />
		<Unit filename="extern/freetype2/src/sfnt/ttbdf.h" />
		<Unit filename="extern/freetype2/src/sfnt/ttbdf.hpp" />
		<Unit filename="extern/freetype2/src/sfnt/ttcmap.h" />
		<Unit filename="extern/freetype2/src/sfnt/ttcmap.hpp" />
		<Unit filename="extern/freetype2/src/sfnt/ttcmapc.h" />
		<Unit filename="extern/freetype2/src/sfnt/ttkern.h" />
		<Unit filename="extern/freetype2/src/sfnt/ttkern.hpp" />
		<Unit filename="extern/freetype2/src/sfnt/ttload.h" />
		<Unit filename="extern/freetype2/src/sfnt/ttload.hpp" />
		<Unit filename="extern/freetype2/src/sfnt/ttmtx.h" />
		<Unit filename="extern/freetype2/src/sfnt/ttmtx.hpp" />
		<Unit filename="extern/freetype2/src/sfnt/ttpost.h" />
		<Unit filename="extern/freetype2/src/sfnt/ttpost.hpp" />
		<Unit filename="extern/freetype2/src/sfnt/ttsbit.h" />
		<Unit filename="extern/freetype2/src/sfnt/ttsbit.hpp" />
		<Unit filename="extern/freetype2/src/smooth/ftgrays.h" />
		<Unit filename="extern/freetype2/src/smooth/ftgrays.hpp" />
		<Unit filename="extern/freetype2/src/smooth/ftsmerrs.h" />
		<Unit filename="extern/freetype2/src/smooth/ftsmooth.h" />
		<Unit filename="extern/freetype2/src/smooth/ftsmooth.hpp" />
		<Unit filename="extern/freetype2/src/smooth/ftspic.h" />
		<Unit filename="extern/freetype2/src/smooth/ftspic.hpp" />
		<Unit filename="extern/freetype2/src/smooth/smooth.c">
			<Option compilerVar="CC" />
		</Unit>
		<Unit filename="extern/freetype2/src/truetype/truetype.c">
			<Option compilerVar="CC" />
		</Unit>
		<Unit filename="extern/freetype2/src/truetype/ttdriver.h" />
		<Unit filename="extern/freetype2/src/truetype/ttdriver.hpp" />
		<Unit filename="extern/freetype2/src/truetype/tterrors.h" />
		<Unit filename="extern/freetype2/src/truetype/ttgload.h" />
		<Unit filename="extern/freetype2/src/truetype/ttgload.hpp" />
		<Unit filename="extern/freetype2/src/truetype/ttgxvar.h" />
		<Unit filename="extern/freetype2/src/truetype/ttgxvar.hpp" />
		<Unit filename="extern/freetype2/src/truetype/ttinterp.h" />
		<Unit filename="extern/freetype2/src/truetype/ttinterp.hpp" />
		<Unit filename="extern/freetype2/src/truetype/ttobjs.h" />
		<Unit filename="extern/freetype2/src/truetype/ttobjs.hpp" />
		<Unit filename="extern/freetype2/src/truetype/ttpic.h" />
		<Unit filename="extern/freetype2/src/truetype/ttpic.hpp" />
		<Unit filename="extern/freetype2/src/truetype/ttpload.h" />
		<Unit filename="extern/freetype2/src/truetype/ttpload.hpp" />
		<Unit filename="extern/freetype2/src/truetype/ttsubpix.h" />
		<Unit filename="extern/freetype2/src/truetype/ttsubpix.hpp" />
		<Unit filename="extern/freetype2/src/type1/t1afm.h" />
		<Unit filename="extern/freetype2/src/type1/t1afm.hpp" />
		<Unit filename="extern/freetype2/src/type1/t1driver.h" />
		<Unit filename="extern/freetype2/src/type1/t1driver.hpp" />
		<Unit filename="extern/freetype2/src/type1/t1errors.h" />
		<Unit filename="extern/freetype2/src/type1/t1gload.h" />
		<Unit filename="extern/freetype2/src/type1/t1gload.hpp" />
		<Unit filename="extern/freetype2/src/type1/t1load.h" />
		<Unit filename="extern/freetype2/src/type1/t1load.hpp" />
		<Unit filename="extern/freetype2/src/type1/t1objs.h" />
		<Unit filename="extern/freetype2/src/type1/t1objs.hpp" />
		<Unit filename="extern/freetype2/src/type1/t1parse.h" />
		<Unit filename="extern/freetype2/src/type1/t1parse.hpp" />
		<Unit filename="extern/freetype2/src/type1/t1tokens.h" />
		<Unit filename="extern/freetype2/src/type1/type1.c">
			<Option compilerVar="CC" />
		</Unit>
		<Unit filename="extern/freetype2/src/type42/t42drivr.h" />
		<Unit filename="extern/freetype2/src/type42/t42drivr.hpp" />
		<Unit filename="extern/freetype2/src/type42/t42error.h" />
		<Unit filename="extern/freetype2/src/type42/t42objs.h" />
		<Unit filename="extern/freetype2/src/type42/t42objs.hpp" />
		<Unit filename="extern/freetype2/src/type42/t42parse.h" />
		<Unit filename="extern/freetype2/src/type42/t42parse.hpp" />
		<Unit filename="extern/freetype2/src/type42/t42types.h" />
		<Unit filename="extern/freetype2/src/type42/type42.c">
			<Option compilerVar="CC" />
		</Unit>
		<Unit filename="extern/freetype2/src/winfonts/fnterrs.h" />
		<Unit filename="extern/freetype2/src/winfonts/winfnt.c">
			<Option compilerVar="CC" />
		</Unit>
		<Unit filename="extern/freetype2/src/winfonts/winfnt.h" />
		<Unit filename="extern/ogg/codec.h" />
		<Unit filename="extern/ogg/config_types.h" />
		<Unit filename="extern/ogg/libogg/bitwise.c">
			<Option compilerVar="CC" />
		</Unit>
		<Unit filename="extern/ogg/libogg/framing.c">
			<Option compilerVar="CC" />
		</Unit>
		<Unit filename="extern/ogg/libvorbis/analysis.c">
			<Option compilerVar="CC" />
		</Unit>
		<Unit filename="extern/ogg/libvorbis/backends.h" />
		<Unit filename="extern/ogg/libvorbis/bitrate.c">
			<Option compilerVar="CC" />
		</Unit>
		<Unit filename="extern/ogg/libvorbis/bitrate.h" />
		<Unit filename="extern/ogg/libvorbis/block.c">
			<Option compilerVar="CC" />
		</Unit>
		<Unit filename="extern/ogg/libvorbis/books/coupled/res_books_51.h" />
		<Unit filename="extern/ogg/libvorbis/books/coupled/res_books_stereo.h" />
		<Unit filename="extern/ogg/libvorbis/books/floor/floor_books.h" />
		<Unit filename="extern/ogg/libvorbis/books/uncoupled/res_books_uncoupled.h" />
		<Unit filename="extern/ogg/libvorbis/codebook.c">
			<Option compilerVar="CC" />
		</Unit>
		<Unit filename="extern/ogg/libvorbis/codebook.h" />
		<Unit filename="extern/ogg/libvorbis/codec_internal.h" />
		<Unit filename="extern/ogg/libvorbis/envelope.c">
			<Option compilerVar="CC" />
		</Unit>
		<Unit filename="extern/ogg/libvorbis/envelope.h" />
		<Unit filename="extern/ogg/libvorbis/floor0.c">
			<Option compilerVar="CC" />
		</Unit>
		<Unit filename="extern/ogg/libvorbis/floor1.c">
			<Option compilerVar="CC" />
		</Unit>
		<Unit filename="extern/ogg/libvorbis/highlevel.h" />
		<Unit filename="extern/ogg/libvorbis/info.c">
			<Option compilerVar="CC" />
		</Unit>
		<Unit filename="extern/ogg/libvorbis/lookup.c">
			<Option compilerVar="CC" />
		</Unit>
		<Unit filename="extern/ogg/libvorbis/lookup.h" />
		<Unit filename="extern/ogg/libvorbis/lookup_data.h" />
		<Unit filename="extern/ogg/libvorbis/lpc.c">
			<Option compilerVar="CC" />
		</Unit>
		<Unit filename="extern/ogg/libvorbis/lpc.h" />
		<Unit filename="extern/ogg/libvorbis/lsp.c">
			<Option compilerVar="CC" />
		</Unit>
		<Unit filename="extern/ogg/libvorbis/lsp.h" />
		<Unit filename="extern/ogg/libvorbis/mapping0.c">
			<Option compilerVar="CC" />
		</Unit>
		<Unit filename="extern/ogg/libvorbis/masking.h" />
		<Unit filename="extern/ogg/libvorbis/mdct.c">
			<Option compilerVar="CC" />
		</Unit>
		<Unit filename="extern/ogg/libvorbis/mdct.h" />
		<Unit filename="extern/ogg/libvorbis/misc.h" />
		<Unit filename="extern/ogg/libvorbis/modes/floor_all.h" />
		<Unit filename="extern/ogg/libvorbis/modes/psych_11.h" />
		<Unit filename="extern/ogg/libvorbis/modes/psych_16.h" />
		<Unit filename="extern/ogg/libvorbis/modes/psych_44.h" />
		<Unit filename="extern/ogg/libvorbis/modes/psych_8.h" />
		<Unit filename="extern/ogg/libvorbis/modes/residue_16.h" />
		<Unit filename="extern/ogg/libvorbis/modes/residue_44.h" />
		<Unit filename="extern/ogg/libvorbis/modes/residue_44p51.h" />
		<Unit filename="extern/ogg/libvorbis/modes/residue_44u.h" />
		<Unit filename="extern/ogg/libvorbis/modes/residue_8.h" />
		<Unit filename="extern/ogg/libvorbis/modes/setup_11.h" />
		<Unit filename="extern/ogg/libvorbis/modes/setup_16.h" />
		<Unit filename="extern/ogg/libvorbis/modes/setup_22.h" />
		<Unit filename="extern/ogg/libvorbis/modes/setup_32.h" />
		<Unit filename="extern/ogg/libvorbis/modes/setup_44.h" />
		<Unit filename="extern/ogg/libvorbis/modes/setup_44p51.h" />
		<Unit filename="extern/ogg/libvorbis/modes/setup_44u.h" />
		<Unit filename="extern/ogg/libvorbis/modes/setup_8.h" />
		<Unit filename="extern/ogg/libvorbis/modes/setup_X.h" />
		<Unit filename="extern/ogg/libvorbis/os.h" />
		<Unit filename="extern/ogg/libvorbis/psy.c">
			<Option compilerVar="CC" />
		</Unit>
		<Unit filename="extern/ogg/libvorbis/psy.h" />
		<Unit filename="extern/ogg/libvorbis/registry.c">
			<Option compilerVar="CC" />
		</Unit>
		<Unit filename="extern/ogg/libvorbis/registry.h" />
		<Unit filename="extern/ogg/libvorbis/res0.c">
			<Option compilerVar="CC" />
		</Unit>
		<Unit filename="extern/ogg/libvorbis/scales.h" />
		<Unit filename="extern/ogg/libvorbis/sharedbook.c">
			<Option compilerVar="CC" />
		</Unit>
		<Unit filename="extern/ogg/libvorbis/smallft.c">
			<Option compilerVar="CC" />
		</Unit>
		<Unit filename="extern/ogg/libvorbis/smallft.h" />
		<Unit filename="extern/ogg/libvorbis/synthesis.c">
			<Option compilerVar="CC" />
		</Unit>
		<Unit filename="extern/ogg/libvorbis/vorbisfile.c">
			<Option compilerVar="CC" />
		</Unit>
		<Unit filename="extern/ogg/libvorbis/window.c">
			<Option compilerVar="CC" />
		</Unit>
		<Unit filename="extern/ogg/libvorbis/window.h" />
		<Unit filename="extern/ogg/ogg.h" />
		<Unit filename="extern/ogg/os_types.h" />
		<Unit filename="extern/ogg/vorbisfile.h" />
		<Unit filename="scripts/audio/common_sounds.lua">
			<Option target="&lt;{~None~}&gt;" />
		</Unit>
		<Unit filename="scripts/audio/sample_override.lua">
			<Option target="&lt;{~None~}&gt;" />
		</Unit>
		<Unit filename="scripts/audio/soundtrack.lua">
			<Option target="&lt;{~None~}&gt;" />
		</Unit>
		<Unit filename="scripts/autoexec.lua">
			<Option target="&lt;{~None~}&gt;" />
		</Unit>
		<Unit filename="scripts/character/character.lua">
			<Option target="&lt;{~None~}&gt;" />
		</Unit>
		<Unit filename="scripts/character/hair.lua">
			<Option target="&lt;{~None~}&gt;" />
		</Unit>
		<Unit filename="scripts/character/ragdoll.lua">
			<Option target="&lt;{~None~}&gt;" />
		</Unit>
		<Unit filename="scripts/config/control_constants.lua">
			<Option target="&lt;{~None~}&gt;" />
		</Unit>
		<Unit filename="scripts/entity/entity_functions.lua">
			<Option target="&lt;{~None~}&gt;" />
		</Unit>
		<Unit filename="scripts/entity/entity_model_ID_override.lua">
			<Option target="&lt;{~None~}&gt;" />
		</Unit>
		<Unit filename="scripts/entity/entity_properties.lua">
			<Option target="&lt;{~None~}&gt;" />
		</Unit>
		<Unit filename="scripts/entity/script_switch.lua">
			<Option target="&lt;{~None~}&gt;" />
		</Unit>
		<Unit filename="scripts/gameflow/TR1.lua">
			<Option target="&lt;{~None~}&gt;" />
		</Unit>
		<Unit filename="scripts/gameflow/TR1_gold.lua">
			<Option target="&lt;{~None~}&gt;" />
		</Unit>
		<Unit filename="scripts/gameflow/TR2.lua">
			<Option target="&lt;{~None~}&gt;" />
		</Unit>
		<Unit filename="scripts/gameflow/TR2_gold.lua">
			<Option target="&lt;{~None~}&gt;" />
		</Unit>
		<Unit filename="scripts/gameflow/TR3.lua">
			<Option target="&lt;{~None~}&gt;" />
		</Unit>
		<Unit filename="scripts/gameflow/TR3_gold.lua">
			<Option target="&lt;{~None~}&gt;" />
		</Unit>
		<Unit filename="scripts/gameflow/TR4.lua">
			<Option target="&lt;{~None~}&gt;" />
		</Unit>
		<Unit filename="scripts/gameflow/TR5.lua">
			<Option target="&lt;{~None~}&gt;" />
		</Unit>
		<Unit filename="scripts/gameflow/gameflow.lua">
			<Option target="&lt;{~None~}&gt;" />
		</Unit>
		<Unit filename="scripts/gui/fonts.lua">
			<Option target="&lt;{~None~}&gt;" />
		</Unit>
		<Unit filename="scripts/inventory/item_combine.lua">
			<Option target="&lt;{~None~}&gt;" />
		</Unit>
		<Unit filename="scripts/inventory/item_list.lua">
			<Option target="&lt;{~None~}&gt;" />
		</Unit>
		<Unit filename="scripts/inventory/items.lua">
			<Option target="&lt;{~None~}&gt;" />
		</Unit>
		<Unit filename="scripts/level/tr1/GYM.lua" />
		<Unit filename="scripts/level/tr1/LEVEL1.lua" />
		<Unit filename="scripts/level/tr1/LEVEL10A.lua" />
		<Unit filename="scripts/level/tr1/LEVEL10B.lua" />
		<Unit filename="scripts/level/tr1/LEVEL10B_autoexec.lua" />
		<Unit filename="scripts/level/tr1/LEVEL10C.lua" />
		<Unit filename="scripts/level/tr1/LEVEL10C_autoexec.lua" />
		<Unit filename="scripts/level/tr1/LEVEL2.lua" />
		<Unit filename="scripts/level/tr1/LEVEL3A.lua" />
		<Unit filename="scripts/level/tr1/LEVEL3A_autoexec.lua" />
		<Unit filename="scripts/level/tr1/LEVEL3B.lua" />
		<Unit filename="scripts/level/tr1/LEVEL3B_autoexec.lua" />
		<Unit filename="scripts/level/tr1/LEVEL4.lua" />
		<Unit filename="scripts/level/tr1/LEVEL4_autoexec.lua" />
		<Unit filename="scripts/level/tr1/LEVEL5.lua" />
		<Unit filename="scripts/level/tr1/LEVEL5_autoexec.lua" />
		<Unit filename="scripts/level/tr1/LEVEL6.lua" />
		<Unit filename="scripts/level/tr1/LEVEL6_autoexec.lua" />
		<Unit filename="scripts/level/tr1/LEVEL7A.lua" />
		<Unit filename="scripts/level/tr1/LEVEL7A_autoexec.lua" />
		<Unit filename="scripts/level/tr1/LEVEL7B.lua" />
		<Unit filename="scripts/level/tr1/LEVEL7B_autoexec.lua" />
		<Unit filename="scripts/level/tr1/LEVEL8A.lua" />
		<Unit filename="scripts/level/tr1/LEVEL8A_autoexec.lua" />
		<Unit filename="scripts/level/tr1/LEVEL8B.lua" />
		<Unit filename="scripts/level/tr1/LEVEL8B_autoexec.lua" />
		<Unit filename="scripts/level/tr1/LEVEL8C.lua" />
		<Unit filename="scripts/level/tr1/LEVEL8C_autoexec.lua" />
		<Unit filename="scripts/level/tr2/ASSAULT.lua">
			<Option target="&lt;{~None~}&gt;" />
		</Unit>
		<Unit filename="scripts/level/tr2/ASSAULT_autoexec.lua">
			<Option target="&lt;{~None~}&gt;" />
		</Unit>
		<Unit filename="scripts/level/tr2/BOAT_autoexec.lua">
			<Option target="&lt;{~None~}&gt;" />
		</Unit>
		<Unit filename="scripts/level/tr2/CATACOMB_autoexec.lua">
			<Option target="&lt;{~None~}&gt;" />
		</Unit>
		<Unit filename="scripts/level/tr2/DECK_autoexec.lua">
			<Option target="&lt;{~None~}&gt;" />
		</Unit>
		<Unit filename="scripts/level/tr2/EMPRTOMB_autoexec.lua">
			<Option target="&lt;{~None~}&gt;" />
		</Unit>
		<Unit filename="scripts/level/tr2/FLOATING_autoexec.lua">
			<Option target="&lt;{~None~}&gt;" />
		</Unit>
		<Unit filename="scripts/level/tr2/HOUSE_autoexec.lua">
			<Option target="&lt;{~None~}&gt;" />
		</Unit>
		<Unit filename="scripts/level/tr2/ICECAVE_autoexec.lua">
			<Option target="&lt;{~None~}&gt;" />
		</Unit>
		<Unit filename="scripts/level/tr2/KEEL_autoexec.lua">
			<Option target="&lt;{~None~}&gt;" />
		</Unit>
		<Unit filename="scripts/level/tr2/LIVING_autoexec.lua">
			<Option target="&lt;{~None~}&gt;" />
		</Unit>
		<Unit filename="scripts/level/tr2/MONASTRY_autoexec.lua">
			<Option target="&lt;{~None~}&gt;" />
		</Unit>
		<Unit filename="scripts/level/tr2/OPERA_autoexec.lua">
			<Option target="&lt;{~None~}&gt;" />
		</Unit>
		<Unit filename="scripts/level/tr2/PLATFORM_autoexec.lua">
			<Option target="&lt;{~None~}&gt;" />
		</Unit>
		<Unit filename="scripts/level/tr2/RIG_autoexec.lua">
			<Option target="&lt;{~None~}&gt;" />
		</Unit>
		<Unit filename="scripts/level/tr2/SKIDOO_autoexec.lua">
			<Option target="&lt;{~None~}&gt;" />
		</Unit>
		<Unit filename="scripts/level/tr2/UNWATER_autoexec.lua">
			<Option target="&lt;{~None~}&gt;" />
		</Unit>
		<Unit filename="scripts/level/tr2/VENICE.lua">
			<Option target="&lt;{~None~}&gt;" />
		</Unit>
		<Unit filename="scripts/level/tr2/VENICE_autoexec.lua">
			<Option target="&lt;{~None~}&gt;" />
		</Unit>
		<Unit filename="scripts/level/tr2/WALL.lua">
			<Option target="&lt;{~None~}&gt;" />
		</Unit>
		<Unit filename="scripts/level/tr2/WALL_autoexec.lua">
			<Option target="&lt;{~None~}&gt;" />
		</Unit>
		<Unit filename="scripts/level/tr2/XIAN_autoexec.lua">
			<Option target="&lt;{~None~}&gt;" />
		</Unit>
		<Unit filename="scripts/level/tr3/ANTARC.lua">
			<Option target="&lt;{~None~}&gt;" />
		</Unit>
		<Unit filename="scripts/level/tr3/ANTARC_autoexec.lua">
			<Option target="&lt;{~None~}&gt;" />
		</Unit>
		<Unit filename="scripts/level/tr3/AREA51.lua">
			<Option target="&lt;{~None~}&gt;" />
		</Unit>
		<Unit filename="scripts/level/tr3/AREA51_autoexec.lua">
			<Option target="&lt;{~None~}&gt;" />
		</Unit>
		<Unit filename="scripts/level/tr3/CHAMBER.lua">
			<Option target="&lt;{~None~}&gt;" />
		</Unit>
		<Unit filename="scripts/level/tr3/CHAMBER_autoexec.lua">
			<Option target="&lt;{~None~}&gt;" />
		</Unit>
		<Unit filename="scripts/level/tr3/CITY.lua">
			<Option target="&lt;{~None~}&gt;" />
		</Unit>
		<Unit filename="scripts/level/tr3/CITY_autoexec.lua">
			<Option target="&lt;{~None~}&gt;" />
		</Unit>
		<Unit filename="scripts/level/tr3/COMPOUND.lua">
			<Option target="&lt;{~None~}&gt;" />
		</Unit>
		<Unit filename="scripts/level/tr3/COMPOUND_autoexec.lua">
			<Option target="&lt;{~None~}&gt;" />
		</Unit>
		<Unit filename="scripts/level/tr3/CRASH.lua">
			<Option target="&lt;{~None~}&gt;" />
		</Unit>
		<Unit filename="scripts/level/tr3/CRASH_autoexec.lua">
			<Option target="&lt;{~None~}&gt;" />
		</Unit>
		<Unit filename="scripts/level/tr3/HOUSE.lua">
			<Option target="&lt;{~None~}&gt;" />
		</Unit>
		<Unit filename="scripts/level/tr3/HOUSE_autoexec.lua">
			<Option target="&lt;{~None~}&gt;" />
		</Unit>
		<Unit filename="scripts/level/tr3/JUNGLE.lua">
			<Option target="&lt;{~None~}&gt;" />
		</Unit>
		<Unit filename="scripts/level/tr3/JUNGLE_autoexec.lua">
			<Option target="&lt;{~None~}&gt;" />
		</Unit>
		<Unit filename="scripts/level/tr3/MINES.lua">
			<Option target="&lt;{~None~}&gt;" />
		</Unit>
		<Unit filename="scripts/level/tr3/MINES_autoexec.lua">
			<Option target="&lt;{~None~}&gt;" />
		</Unit>
		<Unit filename="scripts/level/tr3/NEVADA.lua">
			<Option target="&lt;{~None~}&gt;" />
		</Unit>
		<Unit filename="scripts/level/tr3/NEVADA_autoexec.lua">
			<Option target="&lt;{~None~}&gt;" />
		</Unit>
		<Unit filename="scripts/level/tr3/OFFICE_autoexec.lua">
			<Option target="&lt;{~None~}&gt;" />
		</Unit>
		<Unit filename="scripts/level/tr3/QUADCHAS_autoexec.lua">
			<Option target="&lt;{~None~}&gt;" />
		</Unit>
		<Unit filename="scripts/level/tr3/RAPIDS_autoexec.lua">
			<Option target="&lt;{~None~}&gt;" />
		</Unit>
		<Unit filename="scripts/level/tr3/ROOFS_autoexec.lua">
			<Option target="&lt;{~None~}&gt;" />
		</Unit>
		<Unit filename="scripts/level/tr3/ROOFS_trigger.lua">
			<Option target="&lt;{~None~}&gt;" />
		</Unit>
		<Unit filename="scripts/level/tr3/SEWER_autoexec.lua">
			<Option target="&lt;{~None~}&gt;" />
		</Unit>
		<Unit filename="scripts/level/tr3/SHORE.lua">
			<Option target="&lt;{~None~}&gt;" />
		</Unit>
		<Unit filename="scripts/level/tr3/SHORE_autoexec.lua">
			<Option target="&lt;{~None~}&gt;" />
		</Unit>
		<Unit filename="scripts/level/tr3/STPAUL_autoexec.lua">
			<Option target="&lt;{~None~}&gt;" />
		</Unit>
		<Unit filename="scripts/level/tr3/TEMPLE.lua">
			<Option target="&lt;{~None~}&gt;" />
		</Unit>
		<Unit filename="scripts/level/tr3/TEMPLE_autoexec.lua">
			<Option target="&lt;{~None~}&gt;" />
		</Unit>
		<Unit filename="scripts/level/tr3/TONYBOSS_autoexec.lua">
			<Option target="&lt;{~None~}&gt;" />
		</Unit>
		<Unit filename="scripts/level/tr3/TOWER_autoexec.lua">
			<Option target="&lt;{~None~}&gt;" />
		</Unit>
		<Unit filename="scripts/level/tr3/TRIBOSS_autoexec.lua">
			<Option target="&lt;{~None~}&gt;" />
		</Unit>
		<Unit filename="scripts/level/tr4/ALEXHUB.lua">
			<Option target="&lt;{~None~}&gt;" />
		</Unit>
		<Unit filename="scripts/level/tr4/ALEXHUB2.lua">
			<Option target="&lt;{~None~}&gt;" />
		</Unit>
		<Unit filename="scripts/level/tr4/ALEXHUB2_autoexec.lua">
			<Option target="&lt;{~None~}&gt;" />
		</Unit>
		<Unit filename="scripts/level/tr4/ALEXHUB_autoexec.lua">
			<Option target="&lt;{~None~}&gt;" />
		</Unit>
		<Unit filename="scripts/level/tr4/ANGKOR1.lua">
			<Option target="&lt;{~None~}&gt;" />
		</Unit>
		<Unit filename="scripts/level/tr4/ANGKOR1_autoexec.lua">
			<Option target="&lt;{~None~}&gt;" />
		</Unit>
		<Unit filename="scripts/level/tr4/ANG_RACE.lua">
			<Option target="&lt;{~None~}&gt;" />
		</Unit>
		<Unit filename="scripts/level/tr4/ANG_RACE_autoexec.lua">
			<Option target="&lt;{~None~}&gt;" />
		</Unit>
		<Unit filename="scripts/level/tr4/BIKEBIT.lua">
			<Option target="&lt;{~None~}&gt;" />
		</Unit>
		<Unit filename="scripts/level/tr4/BIKEBIT_autoexec.lua">
			<Option target="&lt;{~None~}&gt;" />
		</Unit>
		<Unit filename="scripts/level/tr4/CITNEW.lua">
			<Option target="&lt;{~None~}&gt;" />
		</Unit>
		<Unit filename="scripts/level/tr4/CITNEW_autoexec.lua">
			<Option target="&lt;{~None~}&gt;" />
		</Unit>
		<Unit filename="scripts/level/tr4/CORTYARD_autoexec.lua">
			<Option target="&lt;{~None~}&gt;" />
		</Unit>
		<Unit filename="scripts/level/tr4/CSPLIT1_autoexec.lua">
			<Option target="&lt;{~None~}&gt;" />
		</Unit>
		<Unit filename="scripts/level/tr4/CSPLIT2_autoexec.lua">
			<Option target="&lt;{~None~}&gt;" />
		</Unit>
		<Unit filename="scripts/level/tr4/HALL_autoexec.lua">
			<Option target="&lt;{~None~}&gt;" />
		</Unit>
		<Unit filename="scripts/level/tr4/HIGHSTRT_autoexec.lua">
			<Option target="&lt;{~None~}&gt;" />
		</Unit>
		<Unit filename="scripts/level/tr4/JEEPCHAS_autoexec.lua">
			<Option target="&lt;{~None~}&gt;" />
		</Unit>
		<Unit filename="scripts/level/tr4/JEEPCHS2_autoexec.lua">
			<Option target="&lt;{~None~}&gt;" />
		</Unit>
		<Unit filename="scripts/level/tr4/JOBY1A_autoexec.lua">
			<Option target="&lt;{~None~}&gt;" />
		</Unit>
		<Unit filename="scripts/level/tr4/JOBY2_autoexec.lua">
			<Option target="&lt;{~None~}&gt;" />
		</Unit>
		<Unit filename="scripts/level/tr4/JOBY3A_autoexec.lua">
			<Option target="&lt;{~None~}&gt;" />
		</Unit>
		<Unit filename="scripts/level/tr4/JOBY3B_autoexec.lua">
			<Option target="&lt;{~None~}&gt;" />
		</Unit>
		<Unit filename="scripts/level/tr4/JOBY4A_autoexec.lua">
			<Option target="&lt;{~None~}&gt;" />
		</Unit>
		<Unit filename="scripts/level/tr4/JOBY4B_autoexec.lua">
			<Option target="&lt;{~None~}&gt;" />
		</Unit>
		<Unit filename="scripts/level/tr4/JOBY4C_autoexec.lua">
			<Option target="&lt;{~None~}&gt;" />
		</Unit>
		<Unit filename="scripts/level/tr4/JOBY5A_autoexec.lua">
			<Option target="&lt;{~None~}&gt;" />
		</Unit>
		<Unit filename="scripts/level/tr4/JOBY5B_autoexec.lua">
			<Option target="&lt;{~None~}&gt;" />
		</Unit>
		<Unit filename="scripts/level/tr4/JOBY5C_autoexec.lua">
			<Option target="&lt;{~None~}&gt;" />
		</Unit>
		<Unit filename="scripts/level/tr4/KARNAK1.lua">
			<Option target="&lt;{~None~}&gt;" />
		</Unit>
		<Unit filename="scripts/level/tr4/KARNAK1_autoexec.lua">
			<Option target="&lt;{~None~}&gt;" />
		</Unit>
		<Unit filename="scripts/level/tr4/LAKE_autoexec.lua">
			<Option target="&lt;{~None~}&gt;" />
		</Unit>
		<Unit filename="scripts/level/tr4/LIBEND_autoexec.lua">
			<Option target="&lt;{~None~}&gt;" />
		</Unit>
		<Unit filename="scripts/level/tr4/LIBRARY_autoexec.lua">
			<Option target="&lt;{~None~}&gt;" />
		</Unit>
		<Unit filename="scripts/level/tr4/LOWSTRT_autoexec.lua">
			<Option target="&lt;{~None~}&gt;" />
		</Unit>
		<Unit filename="scripts/level/tr4/NUTRENCH_autoexec.lua">
			<Option target="&lt;{~None~}&gt;" />
		</Unit>
		<Unit filename="scripts/level/tr4/PALACES2_autoexec.lua">
			<Option target="&lt;{~None~}&gt;" />
		</Unit>
		<Unit filename="scripts/level/tr4/PALACES_autoexec.lua">
			<Option target="&lt;{~None~}&gt;" />
		</Unit>
		<Unit filename="scripts/level/tr4/SEMER.lua">
			<Option target="&lt;{~None~}&gt;" />
		</Unit>
		<Unit filename="scripts/level/tr4/SEMER2_autoexec.lua">
			<Option target="&lt;{~None~}&gt;" />
		</Unit>
		<Unit filename="scripts/level/tr4/SEMER_autoexec.lua">
			<Option target="&lt;{~None~}&gt;" />
		</Unit>
		<Unit filename="scripts/level/tr4/SETTOMB1_autoexec.lua">
			<Option target="&lt;{~None~}&gt;" />
		</Unit>
		<Unit filename="scripts/level/tr4/SETTOMB2_autoexec.lua">
			<Option target="&lt;{~None~}&gt;" />
		</Unit>
		<Unit filename="scripts/level/tr4/SETTOMB_autoexec.lua">
			<Option target="&lt;{~None~}&gt;" />
		</Unit>
		<Unit filename="scripts/level/tr4/TRAIN_autoexec.lua">
			<Option target="&lt;{~None~}&gt;" />
		</Unit>
		<Unit filename="scripts/level/tr5/ANDREA1_autoexec.lua">
			<Option target="&lt;{~None~}&gt;" />
		</Unit>
		<Unit filename="scripts/level/tr5/ANDREA2_autoexec.lua">
			<Option target="&lt;{~None~}&gt;" />
		</Unit>
		<Unit filename="scripts/level/tr5/ANDREA3_autoexec.lua">
			<Option target="&lt;{~None~}&gt;" />
		</Unit>
		<Unit filename="scripts/level/tr5/ANDY1_autoexec.lua">
			<Option target="&lt;{~None~}&gt;" />
		</Unit>
		<Unit filename="scripts/level/tr5/ANDY2_autoexec.lua">
			<Option target="&lt;{~None~}&gt;" />
		</Unit>
		<Unit filename="scripts/level/tr5/ANDY3_autoexec.lua">
			<Option target="&lt;{~None~}&gt;" />
		</Unit>
		<Unit filename="scripts/level/tr5/JOBY2_autoexec.lua">
			<Option target="&lt;{~None~}&gt;" />
		</Unit>
		<Unit filename="scripts/level/tr5/JOBY3_autoexec.lua">
			<Option target="&lt;{~None~}&gt;" />
		</Unit>
		<Unit filename="scripts/level/tr5/JOBY4_autoexec.lua">
			<Option target="&lt;{~None~}&gt;" />
		</Unit>
		<Unit filename="scripts/level/tr5/JOBY5_autoexec.lua">
			<Option target="&lt;{~None~}&gt;" />
		</Unit>
		<Unit filename="scripts/level/tr5/RICH1_autoexec.lua">
			<Option target="&lt;{~None~}&gt;" />
		</Unit>
		<Unit filename="scripts/level/tr5/RICH2_autoexec.lua">
			<Option target="&lt;{~None~}&gt;" />
		</Unit>
		<Unit filename="scripts/level/tr5/RICH3_autoexec.lua">
			<Option target="&lt;{~None~}&gt;" />
		</Unit>
		<Unit filename="scripts/level/tr5/RICHCUT_autoexec.lua">
			<Option target="&lt;{~None~}&gt;" />
		</Unit>
		<Unit filename="scripts/loadscript.lua">
			<Option target="&lt;{~None~}&gt;" />
		</Unit>
		<Unit filename="scripts/staticmesh/staticmesh_script.lua">
			<Option target="&lt;{~None~}&gt;" />
		</Unit>
		<Unit filename="scripts/strings/english/generic.lua">
			<Option target="&lt;{~None~}&gt;" />
		</Unit>
		<Unit filename="scripts/strings/english/global_items.lua">
			<Option target="&lt;{~None~}&gt;" />
		</Unit>
		<Unit filename="scripts/strings/english/sys_notify.lua">
			<Option target="&lt;{~None~}&gt;" />
		</Unit>
		<Unit filename="scripts/strings/french/generic.lua">
			<Option target="&lt;{~None~}&gt;" />
		</Unit>
		<Unit filename="scripts/strings/french/global_items.lua">
			<Option target="&lt;{~None~}&gt;" />
		</Unit>
		<Unit filename="scripts/strings/getstring.lua">
			<Option target="&lt;{~None~}&gt;" />
		</Unit>
		<Unit filename="scripts/strings/italian/generic.lua">
			<Option target="&lt;{~None~}&gt;" />
		</Unit>
		<Unit filename="scripts/strings/italian/global_items.lua">
			<Option target="&lt;{~None~}&gt;" />
		</Unit>
		<Unit filename="scripts/strings/russian/generic.lua">
			<Option target="&lt;{~None~}&gt;" />
		</Unit>
		<Unit filename="scripts/strings/russian/global_items.lua">
			<Option target="&lt;{~None~}&gt;" />
		</Unit>
		<Unit filename="scripts/strings/russian/sys_notify.lua">
			<Option target="&lt;{~None~}&gt;" />
		</Unit>
		<Unit filename="scripts/strings/spanish/generic.lua">
			<Option target="&lt;{~None~}&gt;" />
		</Unit>
		<Unit filename="scripts/strings/spanish/global_items.lua">
			<Option target="&lt;{~None~}&gt;" />
		</Unit>
		<Unit filename="scripts/system/debug.lua">
			<Option target="&lt;{~None~}&gt;" />
		</Unit>
		<Unit filename="scripts/system/sys_scripts.lua">
			<Option target="&lt;{~None~}&gt;" />
		</Unit>
		<Unit filename="scripts/trigger/flipeffects.lua">
			<Option target="&lt;{~None~}&gt;" />
		</Unit>
		<Unit filename="scripts/trigger/helper_functions.lua">
			<Option target="&lt;{~None~}&gt;" />
		</Unit>
		<Unit filename="scripts/trigger/trigger_functions.lua">
			<Option target="&lt;{~None~}&gt;" />
		</Unit>
		<Unit filename="shaders/entity.fsh">
			<Option target="&lt;{~None~}&gt;" />
		</Unit>
		<Unit filename="shaders/entity.vsh">
			<Option target="&lt;{~None~}&gt;" />
		</Unit>
		<Unit filename="shaders/gui.fsh">
			<Option target="&lt;{~None~}&gt;" />
		</Unit>
		<Unit filename="shaders/gui.vsh">
			<Option target="&lt;{~None~}&gt;" />
		</Unit>
		<Unit filename="shaders/gui_tex.fsh">
			<Option target="&lt;{~None~}&gt;" />
		</Unit>
		<Unit filename="shaders/room.fsh">
			<Option target="&lt;{~None~}&gt;" />
		</Unit>
		<Unit filename="shaders/room.vsh">
			<Option target="&lt;{~None~}&gt;" />
		</Unit>
		<Unit filename="shaders/sprite.fsh">
			<Option target="&lt;{~None~}&gt;" />
		</Unit>
		<Unit filename="shaders/sprite.vsh">
			<Option target="&lt;{~None~}&gt;" />
		</Unit>
		<Unit filename="shaders/static_mesh.fsh">
			<Option target="&lt;{~None~}&gt;" />
		</Unit>
		<Unit filename="shaders/static_mesh.vsh">
			<Option target="&lt;{~None~}&gt;" />
		</Unit>
		<Unit filename="shaders/text.fsh">
			<Option target="&lt;{~None~}&gt;" />
		</Unit>
		<Unit filename="shaders/text.vsh">
			<Option target="&lt;{~None~}&gt;" />
		</Unit>
		<Unit filename="src/anim_state_control.cpp" />
		<Unit filename="src/anim_state_control.h">
			<Option target="&lt;{~None~}&gt;" />
		</Unit>
		<Unit filename="src/audio.cpp" />
		<Unit filename="src/audio.h">
			<Option target="&lt;{~None~}&gt;" />
		</Unit>
		<Unit filename="src/character_controller.cpp" />
		<Unit filename="src/character_controller.h">
			<Option target="&lt;{~None~}&gt;" />
		</Unit>
		<Unit filename="src/controls.cpp" />
		<Unit filename="src/controls.h">
			<Option target="&lt;{~None~}&gt;" />
		</Unit>
		<Unit filename="src/core/console.c">
			<Option compilerVar="CC" />
		</Unit>
		<Unit filename="src/core/console.h">
			<Option target="&lt;{~None~}&gt;" />
		</Unit>
		<Unit filename="src/core/gl_font.c">
			<Option compilerVar="CC" />
		</Unit>
		<Unit filename="src/core/gl_font.h">
			<Option target="&lt;{~None~}&gt;" />
		</Unit>
		<Unit filename="src/core/gl_text.c">
			<Option compilerVar="CC" />
		</Unit>
		<Unit filename="src/core/gl_text.h" />
		<Unit filename="src/core/gl_util.c">
			<Option compilerVar="CC" />
		</Unit>
		<Unit filename="src/core/gl_util.h">
			<Option target="&lt;{~None~}&gt;" />
		</Unit>
		<Unit filename="src/core/obb.c">
			<Option compilerVar="CC" />
		</Unit>
		<Unit filename="src/core/obb.h">
			<Option target="&lt;{~None~}&gt;" />
		</Unit>
		<Unit filename="src/core/polygon.c">
			<Option compilerVar="CC" />
		</Unit>
		<Unit filename="src/core/polygon.h">
			<Option target="&lt;{~None~}&gt;" />
		</Unit>
		<Unit filename="src/core/redblack.c">
			<Option compilerVar="CC" />
		</Unit>
		<Unit filename="src/core/redblack.h">
			<Option target="&lt;{~None~}&gt;" />
		</Unit>
		<Unit filename="src/core/system.c">
			<Option compilerVar="CC" />
		</Unit>
		<Unit filename="src/core/system.h">
			<Option target="&lt;{~None~}&gt;" />
		</Unit>
		<Unit filename="src/core/utf8_32.c">
			<Option compilerVar="CC" />
		</Unit>
		<Unit filename="src/core/utf8_32.h" />
		<Unit filename="src/core/vmath.c">
			<Option compilerVar="CC" />
		</Unit>
		<Unit filename="src/core/vmath.h">
			<Option target="&lt;{~None~}&gt;" />
		</Unit>
		<Unit filename="src/engine.cpp" />
		<Unit filename="src/engine.h">
			<Option target="&lt;{~None~}&gt;" />
		</Unit>
		<Unit filename="src/engine_string.h">
			<Option target="&lt;{~None~}&gt;" />
		</Unit>
		<Unit filename="src/entity.cpp" />
		<Unit filename="src/entity.h">
			<Option target="&lt;{~None~}&gt;" />
		</Unit>
		<Unit filename="src/game.cpp" />
		<Unit filename="src/game.h">
			<Option target="&lt;{~None~}&gt;" />
		</Unit>
		<Unit filename="src/gameflow.cpp" />
		<Unit filename="src/gameflow.h">
			<Option target="&lt;{~None~}&gt;" />
		</Unit>
		<Unit filename="src/gui.cpp" />
		<Unit filename="src/gui.h">
			<Option target="&lt;{~None~}&gt;" />
		</Unit>
		<Unit filename="src/inventory.cpp" />
		<Unit filename="src/inventory.h">
			<Option target="&lt;{~None~}&gt;" />
		</Unit>
		<Unit filename="src/main_SDL.cpp" />
		<Unit filename="src/mesh.c">
			<Option compilerVar="CC" />
		</Unit>
		<Unit filename="src/mesh.h">
			<Option target="&lt;{~None~}&gt;" />
		</Unit>
		<Unit filename="src/physics.h" />
		<Unit filename="src/physics_bullet.cpp" />
		<Unit filename="src/render/bordered_texture_atlas.cpp" />
		<Unit filename="src/render/bordered_texture_atlas.h" />
		<Unit filename="src/render/bsp_tree.cpp" />
		<Unit filename="src/render/bsp_tree.h" />
		<Unit filename="src/render/bsp_tree_2d.c">
			<Option compilerVar="CC" />
		</Unit>
		<Unit filename="src/render/bsp_tree_2d.h" />
		<Unit filename="src/render/camera.cpp" />
		<Unit filename="src/render/camera.h" />
		<Unit filename="src/render/frustum.cpp" />
		<Unit filename="src/render/frustum.h" />
		<Unit filename="src/render/render.cpp" />
		<Unit filename="src/render/render.h" />
		<Unit filename="src/render/shader_description.cpp" />
		<Unit filename="src/render/shader_description.h" />
		<Unit filename="src/render/shader_manager.cpp" />
		<Unit filename="src/render/shader_manager.h" />
		<Unit filename="src/resource.cpp" />
		<Unit filename="src/resource.h">
			<Option target="&lt;{~None~}&gt;" />
		</Unit>
		<Unit filename="src/room.cpp" />
		<Unit filename="src/room.h" />
		<Unit filename="src/script.cpp" />
		<Unit filename="src/script.h">
			<Option target="&lt;{~None~}&gt;" />
		</Unit>
		<Unit filename="src/skeletal_model.c">
			<Option compilerVar="CC" />
		</Unit>
		<Unit filename="src/skeletal_model.h" />
		<Unit filename="src/trigger.cpp" />
		<Unit filename="src/trigger.h" />
		<Unit filename="src/vt/l_common.cpp" />
		<Unit filename="src/vt/l_main.cpp" />
		<Unit filename="src/vt/l_main.h">
			<Option target="&lt;{~None~}&gt;" />
		</Unit>
		<Unit filename="src/vt/l_tr1.cpp" />
		<Unit filename="src/vt/l_tr2.cpp" />
		<Unit filename="src/vt/l_tr3.cpp" />
		<Unit filename="src/vt/l_tr4.cpp" />
		<Unit filename="src/vt/l_tr5.cpp" />
		<Unit filename="src/vt/scaler.cpp" />
		<Unit filename="src/vt/scaler.h">
			<Option target="&lt;{~None~}&gt;" />
		</Unit>
		<Unit filename="src/vt/tr_types.h">
			<Option target="&lt;{~None~}&gt;" />
		</Unit>
		<Unit filename="src/vt/tr_versions.h">
			<Option target="&lt;{~None~}&gt;" />
		</Unit>
		<Unit filename="src/vt/vt_level.cpp" />
		<Unit filename="src/vt/vt_level.h">
			<Option target="&lt;{~None~}&gt;" />
		</Unit>
		<Unit filename="src/world.cpp" />
		<Unit filename="src/world.h">
			<Option target="&lt;{~None~}&gt;" />
		</Unit>
		<Extensions>
			<code_completion>
				<search_path add="src\bullet" />
				<search_path add="src\freetype2\include" />
			</code_completion>
			<envvars />
			<debugger />
			<lib_finder disable_auto="1" />
		</Extensions>
	</Project>
</CodeBlocks_project_file>
